// !$*UTF8*$!
{
	archiveVersion = 1;
	classes = {
	};
	objectVersion = 52;
	objects = {

/* Begin PBXBuildFile section */
		65C594D929EBA3610077A506 /* File.swift in Sources */ = {isa = PBXBuildFile; fileRef = 65C594D829EBA3610077A506 /* File.swift */; };
		65C594DA29EBA3610077A506 /* File.swift in Sources */ = {isa = PBXBuildFile; fileRef = 65C594D829EBA3610077A506 /* File.swift */; };
		65C594DC29EBA3880077A506 /* WeatherView.swift in Sources */ = {isa = PBXBuildFile; fileRef = 65C594DB29EBA3880077A506 /* WeatherView.swift */; };
		65C594DD29EBA3880077A506 /* WeatherView.swift in Sources */ = {isa = PBXBuildFile; fileRef = 65C594DB29EBA3880077A506 /* WeatherView.swift */; };
		65F39E2729F35B27009F87E4 /* DetailedForecast.swift in Sources */ = {isa = PBXBuildFile; fileRef = 65F39E2629F35B27009F87E4 /* DetailedForecast.swift */; };
		65F39E2829F35B27009F87E4 /* DetailedForecast.swift in Sources */ = {isa = PBXBuildFile; fileRef = 65F39E2629F35B27009F87E4 /* DetailedForecast.swift */; };
		65F39E2A29F35B2F009F87E4 /* WeatherView.swift in Sources */ = {isa = PBXBuildFile; fileRef = 65F39E2929F35B2F009F87E4 /* WeatherView.swift */; };
		65F39E2B29F35B2F009F87E4 /* WeatherView.swift in Sources */ = {isa = PBXBuildFile; fileRef = 65F39E2929F35B2F009F87E4 /* WeatherView.swift */; };
		65F39E2D29F35B34009F87E4 /* WeatherManager.swift in Sources */ = {isa = PBXBuildFile; fileRef = 65F39E2C29F35B34009F87E4 /* WeatherManager.swift */; };
		65F39E2E29F35B34009F87E4 /* WeatherManager.swift in Sources */ = {isa = PBXBuildFile; fileRef = 65F39E2C29F35B34009F87E4 /* WeatherManager.swift */; };
		65F39E3029F35B3A009F87E4 /* WeatherRow.swift in Sources */ = {isa = PBXBuildFile; fileRef = 65F39E2F29F35B3A009F87E4 /* WeatherRow.swift */; };
		65F39E3129F35B3A009F87E4 /* WeatherRow.swift in Sources */ = {isa = PBXBuildFile; fileRef = 65F39E2F29F35B3A009F87E4 /* WeatherRow.swift */; };
		6B3B2B442710E5BB001D6C8E /* InfoView.swift in Sources */ = {isa = PBXBuildFile; fileRef = 6B3B2B432710E5BB001D6C8E /* InfoView.swift */; };
		A1ED8B8827BC558A000A26E5 /* Schedule.swift in Sources */ = {isa = PBXBuildFile; fileRef = A1ED8B8727BC558A000A26E5 /* Schedule.swift */; };
		A1ED8B8927BC558A000A26E5 /* Schedule.swift in Sources */ = {isa = PBXBuildFile; fileRef = A1ED8B8727BC558A000A26E5 /* Schedule.swift */; };
		A1ED8B8A27BC558A000A26E5 /* Schedule.swift in Sources */ = {isa = PBXBuildFile; fileRef = A1ED8B8727BC558A000A26E5 /* Schedule.swift */; };
		C0019DCE251910E80020574D /* Stop.swift in Sources */ = {isa = PBXBuildFile; fileRef = C0019DCD251910E80020574D /* Stop.swift */; };
		C0019DCF251910E80020574D /* Stop.swift in Sources */ = {isa = PBXBuildFile; fileRef = C0019DCD251910E80020574D /* Stop.swift */; };
		C0019DD525191EBB0020574D /* CustomAnnotation.swift in Sources */ = {isa = PBXBuildFile; fileRef = C0019DD425191EBB0020574D /* CustomAnnotation.swift */; };
		C0019DD625191EBB0020574D /* CustomAnnotation.swift in Sources */ = {isa = PBXBuildFile; fileRef = C0019DD425191EBB0020574D /* CustomAnnotation.swift */; };
		C0019DE025192AA50020574D /* VisualEffectView.swift in Sources */ = {isa = PBXBuildFile; fileRef = C0019DDF25192AA50020574D /* VisualEffectView.swift */; };
		C0019DE625192AEA0020574D /* VisualEffectView.swift in Sources */ = {isa = PBXBuildFile; fileRef = C0019DE525192AEA0020574D /* VisualEffectView.swift */; };
		C0019DEC251A3EFC0020574D /* BlockButton.swift in Sources */ = {isa = PBXBuildFile; fileRef = C0019DEB251A3EFC0020574D /* BlockButton.swift */; };
		C0019DED251A3EFC0020574D /* BlockButton.swift in Sources */ = {isa = PBXBuildFile; fileRef = C0019DEB251A3EFC0020574D /* BlockButton.swift */; };
		C0078EEE2741B1240036FBC8 /* PermissionsSheet.swift in Sources */ = {isa = PBXBuildFile; fileRef = C0078EED2741B1240036FBC8 /* PermissionsSheet.swift */; };
		C00ED35327E79DCA0075ABC4 /* PlusSheet.swift in Sources */ = {isa = PBXBuildFile; fileRef = C08D762827E6CC60009EC92B /* PlusSheet.swift */; };
		C01527E22517CFA60069092C /* MapView.swift in Sources */ = {isa = PBXBuildFile; fileRef = C01527E12517CFA60069092C /* MapView.swift */; };
		C01527EC2517D5D40069092C /* MapViewDelegate.swift in Sources */ = {isa = PBXBuildFile; fileRef = C01527EB2517D5D40069092C /* MapViewDelegate.swift */; };
		C01527ED2517D5D40069092C /* MapViewDelegate.swift in Sources */ = {isa = PBXBuildFile; fileRef = C01527EB2517D5D40069092C /* MapViewDelegate.swift */; };
		C01527F72517DCAF0069092C /* Utilities.swift in Sources */ = {isa = PBXBuildFile; fileRef = C01527F62517DCAF0069092C /* Utilities.swift */; };
		C01527F82517DCAF0069092C /* Utilities.swift in Sources */ = {isa = PBXBuildFile; fileRef = C01527F62517DCAF0069092C /* Utilities.swift */; };
		C015280B2517DEBE0069092C /* MapView.swift in Sources */ = {isa = PBXBuildFile; fileRef = C015280A2517DEBE0069092C /* MapView.swift */; };
		C01528142517E1E00069092C /* Bus.swift in Sources */ = {isa = PBXBuildFile; fileRef = C01528132517E1E00069092C /* Bus.swift */; };
		C01528152517E1E00069092C /* Bus.swift in Sources */ = {isa = PBXBuildFile; fileRef = C01528132517E1E00069092C /* Bus.swift */; };
		C015281D2517F68F0069092C /* MapState.swift in Sources */ = {isa = PBXBuildFile; fileRef = C015281C2517F68F0069092C /* MapState.swift */; };
		C015281E2517F68F0069092C /* MapState.swift in Sources */ = {isa = PBXBuildFile; fileRef = C015281C2517F68F0069092C /* MapState.swift */; };
		C01F6D7926E44BE400D33656 /* Coordinate.swift in Sources */ = {isa = PBXBuildFile; fileRef = C01F6D7826E44BE400D33656 /* Coordinate.swift */; };
		C01F6D7A26E44BE400D33656 /* Coordinate.swift in Sources */ = {isa = PBXBuildFile; fileRef = C01F6D7826E44BE400D33656 /* Coordinate.swift */; };
		C01F6D7B26E44BE400D33656 /* Coordinate.swift in Sources */ = {isa = PBXBuildFile; fileRef = C01F6D7826E44BE400D33656 /* Coordinate.swift */; };
		C025ED432527C1D500524144 /* API.swift in Sources */ = {isa = PBXBuildFile; fileRef = C025ED422527C1D500524144 /* API.swift */; };
		C025ED442527C1D500524144 /* API.swift in Sources */ = {isa = PBXBuildFile; fileRef = C025ED422527C1D500524144 /* API.swift */; };
		C025ED452527C1D500524144 /* API.swift in Sources */ = {isa = PBXBuildFile; fileRef = C025ED422527C1D500524144 /* API.swift */; };
		C038BEC3270FC7E700A23A2B /* ShuttleTrackerApp.swift in Sources */ = {isa = PBXBuildFile; fileRef = C038BEC2270FC7E700A23A2B /* ShuttleTrackerApp.swift */; };
		C038BEC5270FC91100A23A2B /* SettingsView.swift in Sources */ = {isa = PBXBuildFile; fileRef = C038BEC4270FC91100A23A2B /* SettingsView.swift */; };
		C038BEC6270FC91100A23A2B /* SettingsView.swift in Sources */ = {isa = PBXBuildFile; fileRef = C038BEC4270FC91100A23A2B /* SettingsView.swift */; };
		C039B06027961FE200416725 /* BusID.swift in Sources */ = {isa = PBXBuildFile; fileRef = C082CCF6277FB38A005D0209 /* BusID.swift */; };
		C039B06127961FE300416725 /* BusID.swift in Sources */ = {isa = PBXBuildFile; fileRef = C082CCF6277FB38A005D0209 /* BusID.swift */; };
		C039B0632796201200416725 /* CloseButton.swift in Sources */ = {isa = PBXBuildFile; fileRef = C039B0622796201200416725 /* CloseButton.swift */; };
		C039B0642796201200416725 /* CloseButton.swift in Sources */ = {isa = PBXBuildFile; fileRef = C039B0622796201200416725 /* CloseButton.swift */; };
		C039B0652796201200416725 /* CloseButton.swift in Sources */ = {isa = PBXBuildFile; fileRef = C039B0622796201200416725 /* CloseButton.swift */; };
		C03B1D362741E18B007B318E /* SheetStack.swift in Sources */ = {isa = PBXBuildFile; fileRef = C03B1D352741E18B007B318E /* SheetStack.swift */; };
		C03B1D372741E18B007B318E /* SheetStack.swift in Sources */ = {isa = PBXBuildFile; fileRef = C03B1D352741E18B007B318E /* SheetStack.swift */; };
		C03B1D382741E18B007B318E /* SheetStack.swift in Sources */ = {isa = PBXBuildFile; fileRef = C03B1D352741E18B007B318E /* SheetStack.swift */; };
		C03EE72126DEAD1F00878D77 /* LegendToast.swift in Sources */ = {isa = PBXBuildFile; fileRef = C03EE72026DEAD1F00878D77 /* LegendToast.swift */; };
		C03EE72226DEAD1F00878D77 /* LegendToast.swift in Sources */ = {isa = PBXBuildFile; fileRef = C03EE72026DEAD1F00878D77 /* LegendToast.swift */; };
		C03EE72326DEAD1F00878D77 /* LegendToast.swift in Sources */ = {isa = PBXBuildFile; fileRef = C03EE72026DEAD1F00878D77 /* LegendToast.swift */; };
		C059831F27D14C8C00299D27 /* PrivacyView.swift in Sources */ = {isa = PBXBuildFile; fileRef = C059831D27D14C8C00299D27 /* PrivacyView.swift */; };
		C059832027D14C8C00299D27 /* PrivacyView.swift in Sources */ = {isa = PBXBuildFile; fileRef = C059831D27D14C8C00299D27 /* PrivacyView.swift */; };
		C059832227D1551400299D27 /* WelcomeSheet.swift in Sources */ = {isa = PBXBuildFile; fileRef = C059832127D1551400299D27 /* WelcomeSheet.swift */; };
		C059832427D1840700299D27 /* SheetPresentationWrapper.swift in Sources */ = {isa = PBXBuildFile; fileRef = C059832327D1840700299D27 /* SheetPresentationWrapper.swift */; };
		C059832527D1841400299D27 /* SheetPresentationWrapper.swift in Sources */ = {isa = PBXBuildFile; fileRef = C059832327D1840700299D27 /* SheetPresentationWrapper.swift */; };
		C059832627D1841400299D27 /* SheetPresentationWrapper.swift in Sources */ = {isa = PBXBuildFile; fileRef = C059832327D1840700299D27 /* SheetPresentationWrapper.swift */; };
		C059833B27D2C77900299D27 /* AboutView.swift in Sources */ = {isa = PBXBuildFile; fileRef = C059833A27D2C77900299D27 /* AboutView.swift */; };
		C059833D27D2C82E00299D27 /* InfoSheet.swift in Sources */ = {isa = PBXBuildFile; fileRef = C059833C27D2C82E00299D27 /* InfoSheet.swift */; };
		C059833F27D2CEFA00299D27 /* PrivacySheet.swift in Sources */ = {isa = PBXBuildFile; fileRef = C059833E27D2CEFA00299D27 /* PrivacySheet.swift */; };
		C059834127D2CF0400299D27 /* PrivacySheet.swift in Sources */ = {isa = PBXBuildFile; fileRef = C059833E27D2CEFA00299D27 /* PrivacySheet.swift */; };
		C0730C1727F103D200EF7550 /* AppStorageManager.swift in Sources */ = {isa = PBXBuildFile; fileRef = C0730C1627F103D200EF7550 /* AppStorageManager.swift */; };
		C0730C1827F103D200EF7550 /* AppStorageManager.swift in Sources */ = {isa = PBXBuildFile; fileRef = C0730C1627F103D200EF7550 /* AppStorageManager.swift */; };
		C0730C1927F103D200EF7550 /* AppStorageManager.swift in Sources */ = {isa = PBXBuildFile; fileRef = C0730C1627F103D200EF7550 /* AppStorageManager.swift */; };
		C082CCE8277FB2AF005D0209 /* BoardBusToast.swift in Sources */ = {isa = PBXBuildFile; fileRef = C082CCE7277FB2AF005D0209 /* BoardBusToast.swift */; };
		C082CCEA277FB314005D0209 /* SecondaryOverlayButton.swift in Sources */ = {isa = PBXBuildFile; fileRef = C082CCE9277FB314005D0209 /* SecondaryOverlayButton.swift */; };
		C082CCEF277FB33C005D0209 /* PrimaryOverlay.swift in Sources */ = {isa = PBXBuildFile; fileRef = C082CCEB277FB33C005D0209 /* PrimaryOverlay.swift */; };
		C082CCF1277FB33C005D0209 /* BusSelectionSheet.swift in Sources */ = {isa = PBXBuildFile; fileRef = C082CCED277FB33C005D0209 /* BusSelectionSheet.swift */; };
		C082CCF2277FB33C005D0209 /* BusOption.swift in Sources */ = {isa = PBXBuildFile; fileRef = C082CCEE277FB33C005D0209 /* BusOption.swift */; };
		C082CCF3277FB360005D0209 /* BusSelectionSheet.swift in Sources */ = {isa = PBXBuildFile; fileRef = C082CCED277FB33C005D0209 /* BusSelectionSheet.swift */; };
		C082CCF4277FB36B005D0209 /* PrimaryOverlay.swift in Sources */ = {isa = PBXBuildFile; fileRef = C082CCEB277FB33C005D0209 /* PrimaryOverlay.swift */; };
		C082CCF5277FB36E005D0209 /* BusOption.swift in Sources */ = {isa = PBXBuildFile; fileRef = C082CCEE277FB33C005D0209 /* BusOption.swift */; };
		C082CCF8277FB38A005D0209 /* BusID.swift in Sources */ = {isa = PBXBuildFile; fileRef = C082CCF6277FB38A005D0209 /* BusID.swift */; };
		C085A2DE27C5B36000AA01F3 /* AppDelegate.swift in Sources */ = {isa = PBXBuildFile; fileRef = C085A2DD27C5B36000AA01F3 /* AppDelegate.swift */; };
		C08D762A27E6CC60009EC92B /* PlusSheet.swift in Sources */ = {isa = PBXBuildFile; fileRef = C08D762827E6CC60009EC92B /* PlusSheet.swift */; };
		C08E838D250D2BF000F0E2E9 /* Route.swift in Sources */ = {isa = PBXBuildFile; fileRef = C08E838C250D2BF000F0E2E9 /* Route.swift */; };
		C08E838E250D2BF000F0E2E9 /* Route.swift in Sources */ = {isa = PBXBuildFile; fileRef = C08E838C250D2BF000F0E2E9 /* Route.swift */; };
		C08FC1DC252509E7008589C1 /* Preview Assets.xcassets in Resources */ = {isa = PBXBuildFile; fileRef = C08FC1D6252509E6008589C1 /* Preview Assets.xcassets */; };
		C08FC1EC25250A69008589C1 /* BlockButton.swift in Sources */ = {isa = PBXBuildFile; fileRef = C0019DEB251A3EFC0020574D /* BlockButton.swift */; };
		C08FC1F025250A73008589C1 /* LocationManagerDelegate.swift in Sources */ = {isa = PBXBuildFile; fileRef = C0954809250C3A380025EA96 /* LocationManagerDelegate.swift */; };
		C08FC20225250ADF008589C1 /* CustomAnnotation.swift in Sources */ = {isa = PBXBuildFile; fileRef = C0019DD425191EBB0020574D /* CustomAnnotation.swift */; };
		C08FC20625250AE6008589C1 /* MapView.swift in Sources */ = {isa = PBXBuildFile; fileRef = C01527E12517CFA60069092C /* MapView.swift */; };
		C08FC20D25250AFD008589C1 /* VisualEffectView.swift in Sources */ = {isa = PBXBuildFile; fileRef = C0019DDF25192AA50020574D /* VisualEffectView.swift */; };
		C08FC21425250BEE008589C1 /* Assets.xcassets in Resources */ = {isa = PBXBuildFile; fileRef = C0FFD6D7250C33C900945F01 /* Assets.xcassets */; };
		C08FC22225251196008589C1 /* ContentView.swift in Sources */ = {isa = PBXBuildFile; fileRef = C08FC22125251196008589C1 /* ContentView.swift */; };
		C08FC22325251196008589C1 /* ContentView.swift in Sources */ = {isa = PBXBuildFile; fileRef = C08FC22125251196008589C1 /* ContentView.swift */; };
		C08FC22A252511E6008589C1 /* ContentView.swift in Sources */ = {isa = PBXBuildFile; fileRef = C08FC22125251196008589C1 /* ContentView.swift */; };
		C08FC23225251252008589C1 /* ShuttleTrackerApp.swift in Sources */ = {isa = PBXBuildFile; fileRef = C08FC23125251252008589C1 /* ShuttleTrackerApp.swift */; };
		C095480A250C3A380025EA96 /* LocationManagerDelegate.swift in Sources */ = {isa = PBXBuildFile; fileRef = C0954809250C3A380025EA96 /* LocationManagerDelegate.swift */; };
		C095480B250C3A380025EA96 /* LocationManagerDelegate.swift in Sources */ = {isa = PBXBuildFile; fileRef = C0954809250C3A380025EA96 /* LocationManagerDelegate.swift */; };
		C09EB4572934765F00CCE01B /* HTTPStatus in Frameworks */ = {isa = PBXBuildFile; productRef = C09EB4562934765F00CCE01B /* HTTPStatus */; };
		C09EB4592934766900CCE01B /* HTTPStatus in Frameworks */ = {isa = PBXBuildFile; productRef = C09EB4582934766900CCE01B /* HTTPStatus */; };
		C09EB45B2934766F00CCE01B /* HTTPStatus in Frameworks */ = {isa = PBXBuildFile; productRef = C09EB45A2934766F00CCE01B /* HTTPStatus */; };
		C09EB45D293A6D8C00CCE01B /* MailComposeView.swift in Sources */ = {isa = PBXBuildFile; fileRef = C09EB45C293A6D8C00CCE01B /* MailComposeView.swift */; };
		C09EB45E293A6D8C00CCE01B /* MailComposeView.swift in Sources */ = {isa = PBXBuildFile; fileRef = C09EB45C293A6D8C00CCE01B /* MailComposeView.swift */; };
		C09EB461293A70CF00CCE01B /* OrderedCollections in Frameworks */ = {isa = PBXBuildFile; productRef = C09EB460293A70CF00CCE01B /* OrderedCollections */; };
		C09EB463293A70DE00CCE01B /* OrderedCollections in Frameworks */ = {isa = PBXBuildFile; productRef = C09EB462293A70DE00CCE01B /* OrderedCollections */; };
		C09EB465293A718000CCE01B /* MailComposeViewDelegate.swift in Sources */ = {isa = PBXBuildFile; fileRef = C09EB464293A718000CCE01B /* MailComposeViewDelegate.swift */; };
		C09EB466293A718000CCE01B /* MailComposeViewDelegate.swift in Sources */ = {isa = PBXBuildFile; fileRef = C09EB464293A718000CCE01B /* MailComposeViewDelegate.swift */; };
		C09EB46B293A9A1F00CCE01B /* OrderedCollections in Frameworks */ = {isa = PBXBuildFile; productRef = C09EB46A293A9A1F00CCE01B /* OrderedCollections */; };
		C09EB46C293A9BEE00CCE01B /* PrivacyView.swift in Sources */ = {isa = PBXBuildFile; fileRef = C059831D27D14C8C00299D27 /* PrivacyView.swift */; };
		C09EB46D293A9BF600CCE01B /* PrivacySheet.swift in Sources */ = {isa = PBXBuildFile; fileRef = C059833E27D2CEFA00299D27 /* PrivacySheet.swift */; };
		C0A1E7262749EDFD00DBF248 /* AnnouncementsSheet.swift in Sources */ = {isa = PBXBuildFile; fileRef = C0A1E7252749EDFD00DBF248 /* AnnouncementsSheet.swift */; };
		C0A1E7282749EE3D00DBF248 /* Announcement.swift in Sources */ = {isa = PBXBuildFile; fileRef = C0A1E7272749EE3D00DBF248 /* Announcement.swift */; };
		C0A1E7292749F33C00DBF248 /* (null) in Sources */ = {isa = PBXBuildFile; };
		C0A1E72B2749F8EC00DBF248 /* AnnouncementDetailView.swift in Sources */ = {isa = PBXBuildFile; fileRef = C0A1E72A2749F8EC00DBF248 /* AnnouncementDetailView.swift */; };
		C0A1E72C2749F8EC00DBF248 /* AnnouncementDetailView.swift in Sources */ = {isa = PBXBuildFile; fileRef = C0A1E72A2749F8EC00DBF248 /* AnnouncementDetailView.swift */; };
		C0A1E72D2749F8EC00DBF248 /* AnnouncementDetailView.swift in Sources */ = {isa = PBXBuildFile; fileRef = C0A1E72A2749F8EC00DBF248 /* AnnouncementDetailView.swift */; };
		C0A1E72E274A03B500DBF248 /* AnnouncementsSheet.swift in Sources */ = {isa = PBXBuildFile; fileRef = C0A1E7252749EDFD00DBF248 /* AnnouncementsSheet.swift */; };
		C0A1E72F274A03B600DBF248 /* AnnouncementsSheet.swift in Sources */ = {isa = PBXBuildFile; fileRef = C0A1E7252749EDFD00DBF248 /* AnnouncementsSheet.swift */; };
		C0A1E730274A03BC00DBF248 /* Announcement.swift in Sources */ = {isa = PBXBuildFile; fileRef = C0A1E7272749EE3D00DBF248 /* Announcement.swift */; };
		C0A1E731274A03BD00DBF248 /* Announcement.swift in Sources */ = {isa = PBXBuildFile; fileRef = C0A1E7272749EE3D00DBF248 /* Announcement.swift */; };
		C0A1E733274A16F100DBF248 /* WhatsNewSheet.swift in Sources */ = {isa = PBXBuildFile; fileRef = C0A1E732274A16F100DBF248 /* WhatsNewSheet.swift */; };
		C0A1E734274A16F100DBF248 /* WhatsNewSheet.swift in Sources */ = {isa = PBXBuildFile; fileRef = C0A1E732274A16F100DBF248 /* WhatsNewSheet.swift */; };
		C0A232A32525080600FAAD50 /* App Clip.app in Embed App Clips */ = {isa = PBXBuildFile; fileRef = C0A232942525080500FAAD50 /* App Clip.app */; platformFilter = ios; settings = {ATTRIBUTES = (RemoveHeadersOnCopy, ); }; };
		C0A232B6252508C800FAAD50 /* Bus.swift in Sources */ = {isa = PBXBuildFile; fileRef = C01528132517E1E00069092C /* Bus.swift */; };
		C0A232BA252508CA00FAAD50 /* Stop.swift in Sources */ = {isa = PBXBuildFile; fileRef = C0019DCD251910E80020574D /* Stop.swift */; };
		C0A232BE252508CD00FAAD50 /* Route.swift in Sources */ = {isa = PBXBuildFile; fileRef = C08E838C250D2BF000F0E2E9 /* Route.swift */; };
		C0A232C2252508D100FAAD50 /* MapViewDelegate.swift in Sources */ = {isa = PBXBuildFile; fileRef = C01527EB2517D5D40069092C /* MapViewDelegate.swift */; };
		C0A232C6252508D400FAAD50 /* Utilities.swift in Sources */ = {isa = PBXBuildFile; fileRef = C01527F62517DCAF0069092C /* Utilities.swift */; };
		C0A232CA252508E000FAAD50 /* MapState.swift in Sources */ = {isa = PBXBuildFile; fileRef = C015281C2517F68F0069092C /* MapState.swift */; };
		C0A74601279E3411004F0E19 /* AdvancedSettingsView.swift in Sources */ = {isa = PBXBuildFile; fileRef = C0A74600279E3411004F0E19 /* AdvancedSettingsView.swift */; };
		C0A7A89128D7E65D00A2ACAA /* BoardBusManager.swift in Sources */ = {isa = PBXBuildFile; fileRef = C0A7A89028D7E65D00A2ACAA /* BoardBusManager.swift */; };
		C0A7A89228D7E65D00A2ACAA /* BoardBusManager.swift in Sources */ = {isa = PBXBuildFile; fileRef = C0A7A89028D7E65D00A2ACAA /* BoardBusManager.swift */; };
		C0ACA02427A4ABDD007FF08A /* Moya in Frameworks */ = {isa = PBXBuildFile; productRef = C0ACA02327A4ABDD007FF08A /* Moya */; };
		C0ACA02627A4ABEF007FF08A /* Moya in Frameworks */ = {isa = PBXBuildFile; productRef = C0ACA02527A4ABEF007FF08A /* Moya */; };
		C0ACA02827A4ABF3007FF08A /* Moya in Frameworks */ = {isa = PBXBuildFile; productRef = C0ACA02727A4ABF3007FF08A /* Moya */; };
		C0ACA02B27A4AC12007FF08A /* OnboardingKit in Frameworks */ = {isa = PBXBuildFile; productRef = C0ACA02A27A4AC12007FF08A /* OnboardingKit */; };
		C0ACA02D27A4AC18007FF08A /* OnboardingKit in Frameworks */ = {isa = PBXBuildFile; productRef = C0ACA02C27A4AC18007FF08A /* OnboardingKit */; };
		C0ACA02F27A4AC1D007FF08A /* OnboardingKit in Frameworks */ = {isa = PBXBuildFile; productRef = C0ACA02E27A4AC1D007FF08A /* OnboardingKit */; };
		C0B5E72728BAA81A00603D22 /* ColorName.swift in Sources */ = {isa = PBXBuildFile; fileRef = C0B5E72628BAA81A00603D22 /* ColorName.swift */; };
		C0B5E72828BAA81A00603D22 /* ColorName.swift in Sources */ = {isa = PBXBuildFile; fileRef = C0B5E72628BAA81A00603D22 /* ColorName.swift */; };
		C0B5E72928BAA81A00603D22 /* ColorName.swift in Sources */ = {isa = PBXBuildFile; fileRef = C0B5E72628BAA81A00603D22 /* ColorName.swift */; };
		C0BE7D1526E944D8004F0F97 /* Toast.swift in Sources */ = {isa = PBXBuildFile; fileRef = C0BE7D1426E944D8004F0F97 /* Toast.swift */; };
		C0BE7D1626E944D8004F0F97 /* Toast.swift in Sources */ = {isa = PBXBuildFile; fileRef = C0BE7D1426E944D8004F0F97 /* Toast.swift */; };
		C0BE7D1726E944D8004F0F97 /* Toast.swift in Sources */ = {isa = PBXBuildFile; fileRef = C0BE7D1426E944D8004F0F97 /* Toast.swift */; };
		C0C9D3C9270F797400AE58BE /* SecondaryOverlay.swift in Sources */ = {isa = PBXBuildFile; fileRef = C0C9D3C7270F797400AE58BE /* SecondaryOverlay.swift */; };
		C0C9D3CD270F802A00AE58BE /* SettingsSheet.swift in Sources */ = {isa = PBXBuildFile; fileRef = C0C9D3CB270F802A00AE58BE /* SettingsSheet.swift */; };
		C0C9D3D0270FA70C00AE58BE /* ViewState.swift in Sources */ = {isa = PBXBuildFile; fileRef = C0C9D3CF270FA70C00AE58BE /* ViewState.swift */; };
		C0C9D3D1270FA70C00AE58BE /* ViewState.swift in Sources */ = {isa = PBXBuildFile; fileRef = C0C9D3CF270FA70C00AE58BE /* ViewState.swift */; };
		C0C9D3D2270FA70C00AE58BE /* ViewState.swift in Sources */ = {isa = PBXBuildFile; fileRef = C0C9D3CF270FA70C00AE58BE /* ViewState.swift */; };
		C0F420C62926EDA100CC0F91 /* Logging.swift in Sources */ = {isa = PBXBuildFile; fileRef = C0F420C52926EDA100CC0F91 /* Logging.swift */; };
		C0F420C72926EDA100CC0F91 /* Logging.swift in Sources */ = {isa = PBXBuildFile; fileRef = C0F420C52926EDA100CC0F91 /* Logging.swift */; };
		C0F420C82926EDA100CC0F91 /* Logging.swift in Sources */ = {isa = PBXBuildFile; fileRef = C0F420C52926EDA100CC0F91 /* Logging.swift */; };
		C0F420CF29274C1400CC0F91 /* LoggingAnalyticsSettingsView.swift in Sources */ = {isa = PBXBuildFile; fileRef = C0F420CD29274C1400CC0F91 /* LoggingAnalyticsSettingsView.swift */; };
		C0F420D22927570900CC0F91 /* WrappedError.swift in Sources */ = {isa = PBXBuildFile; fileRef = C0F420D12927570900CC0F91 /* WrappedError.swift */; };
		C0F420D32927570900CC0F91 /* WrappedError.swift in Sources */ = {isa = PBXBuildFile; fileRef = C0F420D12927570900CC0F91 /* WrappedError.swift */; };
		C0F420D42927570900CC0F91 /* WrappedError.swift in Sources */ = {isa = PBXBuildFile; fileRef = C0F420D12927570900CC0F91 /* WrappedError.swift */; };
		C0FB5D502929B2430019E266 /* LogDetailView.swift in Sources */ = {isa = PBXBuildFile; fileRef = C0FB5D4F2929B2430019E266 /* LogDetailView.swift */; };
		C0FB5D532929CC3D0019E266 /* LoggingAnalyticsSettingsView.swift in Sources */ = {isa = PBXBuildFile; fileRef = C0F420CD29274C1400CC0F91 /* LoggingAnalyticsSettingsView.swift */; };
		C0FB5D542929CC3F0019E266 /* LogDetailView.swift in Sources */ = {isa = PBXBuildFile; fileRef = C0FB5D4F2929B2430019E266 /* LogDetailView.swift */; };
		C0FFD6E8250C33C900945F01 /* ShuttleTrackerApp.swift in Sources */ = {isa = PBXBuildFile; fileRef = C0FFD6D5250C33C800945F01 /* ShuttleTrackerApp.swift */; };
		C0FFD6EC250C33C900945F01 /* Assets.xcassets in Resources */ = {isa = PBXBuildFile; fileRef = C0FFD6D7250C33C900945F01 /* Assets.xcassets */; };
		C0FFD6ED250C33C900945F01 /* Assets.xcassets in Resources */ = {isa = PBXBuildFile; fileRef = C0FFD6D7250C33C900945F01 /* Assets.xcassets */; };
/* End PBXBuildFile section */

/* Begin PBXContainerItemProxy section */
		C0A232A12525080600FAAD50 /* PBXContainerItemProxy */ = {
			isa = PBXContainerItemProxy;
			containerPortal = C0FFD6D0250C33C800945F01 /* Project object */;
			proxyType = 1;
			remoteGlobalIDString = C0A232932525080500FAAD50;
			remoteInfo = "Rensselaer Shuttle";
		};
/* End PBXContainerItemProxy section */

/* Begin PBXCopyFilesBuildPhase section */
		C0A232A72525080600FAAD50 /* Embed App Clips */ = {
			isa = PBXCopyFilesBuildPhase;
			buildActionMask = 2147483647;
			dstPath = "$(CONTENTS_FOLDER_PATH)/AppClips";
			dstSubfolderSpec = 16;
			files = (
				C0A232A32525080600FAAD50 /* App Clip.app in Embed App Clips */,
			);
			name = "Embed App Clips";
			runOnlyForDeploymentPostprocessing = 0;
		};
/* End PBXCopyFilesBuildPhase section */

/* Begin PBXFileReference section */
		65C594D829EBA3610077A506 /* File.swift */ = {isa = PBXFileReference; lastKnownFileType = sourcecode.swift; path = File.swift; sourceTree = "<group>"; };
		65C594DB29EBA3880077A506 /* WeatherView.swift */ = {isa = PBXFileReference; lastKnownFileType = sourcecode.swift; path = WeatherView.swift; sourceTree = "<group>"; };
		65F39E2629F35B27009F87E4 /* DetailedForecast.swift */ = {isa = PBXFileReference; fileEncoding = 4; lastKnownFileType = sourcecode.swift; path = DetailedForecast.swift; sourceTree = "<group>"; };
		65F39E2929F35B2F009F87E4 /* WeatherView.swift */ = {isa = PBXFileReference; fileEncoding = 4; lastKnownFileType = sourcecode.swift; name = WeatherView.swift; path = ../../../../Explorer/Explorer/Explorer/Weather/WeatherView.swift; sourceTree = "<group>"; };
		65F39E2C29F35B34009F87E4 /* WeatherManager.swift */ = {isa = PBXFileReference; fileEncoding = 4; lastKnownFileType = sourcecode.swift; path = WeatherManager.swift; sourceTree = "<group>"; };
		65F39E2F29F35B3A009F87E4 /* WeatherRow.swift */ = {isa = PBXFileReference; fileEncoding = 4; lastKnownFileType = sourcecode.swift; path = WeatherRow.swift; sourceTree = "<group>"; };
		6B3B2B432710E5BB001D6C8E /* InfoView.swift */ = {isa = PBXFileReference; lastKnownFileType = sourcecode.swift; path = InfoView.swift; sourceTree = "<group>"; };
		A1ED8B8727BC558A000A26E5 /* Schedule.swift */ = {isa = PBXFileReference; lastKnownFileType = sourcecode.swift; path = Schedule.swift; sourceTree = "<group>"; };
		C0019DCD251910E80020574D /* Stop.swift */ = {isa = PBXFileReference; lastKnownFileType = sourcecode.swift; path = Stop.swift; sourceTree = "<group>"; };
		C0019DD425191EBB0020574D /* CustomAnnotation.swift */ = {isa = PBXFileReference; lastKnownFileType = sourcecode.swift; path = CustomAnnotation.swift; sourceTree = "<group>"; };
		C0019DDF25192AA50020574D /* VisualEffectView.swift */ = {isa = PBXFileReference; lastKnownFileType = sourcecode.swift; path = VisualEffectView.swift; sourceTree = "<group>"; };
		C0019DE525192AEA0020574D /* VisualEffectView.swift */ = {isa = PBXFileReference; lastKnownFileType = sourcecode.swift; path = VisualEffectView.swift; sourceTree = "<group>"; };
		C0019DEB251A3EFC0020574D /* BlockButton.swift */ = {isa = PBXFileReference; lastKnownFileType = sourcecode.swift; path = BlockButton.swift; sourceTree = "<group>"; };
		C0078EED2741B1240036FBC8 /* PermissionsSheet.swift */ = {isa = PBXFileReference; lastKnownFileType = sourcecode.swift; path = PermissionsSheet.swift; sourceTree = "<group>"; };
		C01527E12517CFA60069092C /* MapView.swift */ = {isa = PBXFileReference; lastKnownFileType = sourcecode.swift; path = MapView.swift; sourceTree = "<group>"; };
		C01527EB2517D5D40069092C /* MapViewDelegate.swift */ = {isa = PBXFileReference; lastKnownFileType = sourcecode.swift; path = MapViewDelegate.swift; sourceTree = "<group>"; };
		C01527F62517DCAF0069092C /* Utilities.swift */ = {isa = PBXFileReference; lastKnownFileType = sourcecode.swift; path = Utilities.swift; sourceTree = "<group>"; };
		C015280A2517DEBE0069092C /* MapView.swift */ = {isa = PBXFileReference; lastKnownFileType = sourcecode.swift; path = MapView.swift; sourceTree = "<group>"; };
		C01528132517E1E00069092C /* Bus.swift */ = {isa = PBXFileReference; lastKnownFileType = sourcecode.swift; path = Bus.swift; sourceTree = "<group>"; };
		C015281C2517F68F0069092C /* MapState.swift */ = {isa = PBXFileReference; lastKnownFileType = sourcecode.swift; path = MapState.swift; sourceTree = "<group>"; };
		C01F6D7826E44BE400D33656 /* Coordinate.swift */ = {isa = PBXFileReference; lastKnownFileType = sourcecode.swift; path = Coordinate.swift; sourceTree = "<group>"; };
		C025ED422527C1D500524144 /* API.swift */ = {isa = PBXFileReference; fileEncoding = 4; lastKnownFileType = sourcecode.swift; path = API.swift; sourceTree = "<group>"; };
		C038BEC2270FC7E700A23A2B /* ShuttleTrackerApp.swift */ = {isa = PBXFileReference; lastKnownFileType = sourcecode.swift; path = ShuttleTrackerApp.swift; sourceTree = "<group>"; };
		C038BEC4270FC91100A23A2B /* SettingsView.swift */ = {isa = PBXFileReference; lastKnownFileType = sourcecode.swift; path = SettingsView.swift; sourceTree = "<group>"; };
		C039B0622796201200416725 /* CloseButton.swift */ = {isa = PBXFileReference; fileEncoding = 4; lastKnownFileType = sourcecode.swift; path = CloseButton.swift; sourceTree = "<group>"; };
		C03B1D352741E18B007B318E /* SheetStack.swift */ = {isa = PBXFileReference; lastKnownFileType = sourcecode.swift; path = SheetStack.swift; sourceTree = "<group>"; };
		C03EC6BD270CF7F10004F9F8 /* Shared (App Clip).xcconfig */ = {isa = PBXFileReference; lastKnownFileType = text.xcconfig; path = "Shared (App Clip).xcconfig"; sourceTree = "<group>"; };
		C03EC6BE270CF7F10004F9F8 /* Shared.xcconfig */ = {isa = PBXFileReference; lastKnownFileType = text.xcconfig; path = Shared.xcconfig; sourceTree = "<group>"; };
		C03EC6BF270CF7F10004F9F8 /* Personal.xcconfig */ = {isa = PBXFileReference; lastKnownFileType = text.xcconfig; path = Personal.xcconfig; sourceTree = "<group>"; };
		C03EE72026DEAD1F00878D77 /* LegendToast.swift */ = {isa = PBXFileReference; lastKnownFileType = sourcecode.swift; path = LegendToast.swift; sourceTree = "<group>"; };
		C059831D27D14C8C00299D27 /* PrivacyView.swift */ = {isa = PBXFileReference; fileEncoding = 4; lastKnownFileType = sourcecode.swift; path = PrivacyView.swift; sourceTree = "<group>"; };
		C059832127D1551400299D27 /* WelcomeSheet.swift */ = {isa = PBXFileReference; fileEncoding = 4; lastKnownFileType = sourcecode.swift; path = WelcomeSheet.swift; sourceTree = "<group>"; };
		C059832327D1840700299D27 /* SheetPresentationWrapper.swift */ = {isa = PBXFileReference; lastKnownFileType = sourcecode.swift; path = SheetPresentationWrapper.swift; sourceTree = "<group>"; };
		C059833A27D2C77900299D27 /* AboutView.swift */ = {isa = PBXFileReference; lastKnownFileType = sourcecode.swift; path = AboutView.swift; sourceTree = "<group>"; };
		C059833C27D2C82E00299D27 /* InfoSheet.swift */ = {isa = PBXFileReference; lastKnownFileType = sourcecode.swift; path = InfoSheet.swift; sourceTree = "<group>"; };
		C059833E27D2CEFA00299D27 /* PrivacySheet.swift */ = {isa = PBXFileReference; lastKnownFileType = sourcecode.swift; path = PrivacySheet.swift; sourceTree = "<group>"; };
		C0730C1627F103D200EF7550 /* AppStorageManager.swift */ = {isa = PBXFileReference; lastKnownFileType = sourcecode.swift; path = AppStorageManager.swift; sourceTree = "<group>"; };
		C082CCE7277FB2AF005D0209 /* BoardBusToast.swift */ = {isa = PBXFileReference; fileEncoding = 4; lastKnownFileType = sourcecode.swift; path = BoardBusToast.swift; sourceTree = "<group>"; };
		C082CCE9277FB314005D0209 /* SecondaryOverlayButton.swift */ = {isa = PBXFileReference; fileEncoding = 4; lastKnownFileType = sourcecode.swift; path = SecondaryOverlayButton.swift; sourceTree = "<group>"; };
		C082CCEB277FB33C005D0209 /* PrimaryOverlay.swift */ = {isa = PBXFileReference; fileEncoding = 4; lastKnownFileType = sourcecode.swift; path = PrimaryOverlay.swift; sourceTree = "<group>"; };
		C082CCED277FB33C005D0209 /* BusSelectionSheet.swift */ = {isa = PBXFileReference; fileEncoding = 4; lastKnownFileType = sourcecode.swift; path = BusSelectionSheet.swift; sourceTree = "<group>"; };
		C082CCEE277FB33C005D0209 /* BusOption.swift */ = {isa = PBXFileReference; fileEncoding = 4; lastKnownFileType = sourcecode.swift; path = BusOption.swift; sourceTree = "<group>"; };
		C082CCF6277FB38A005D0209 /* BusID.swift */ = {isa = PBXFileReference; fileEncoding = 4; lastKnownFileType = sourcecode.swift; path = BusID.swift; sourceTree = "<group>"; };
		C085A2DD27C5B36000AA01F3 /* AppDelegate.swift */ = {isa = PBXFileReference; lastKnownFileType = sourcecode.swift; path = AppDelegate.swift; sourceTree = "<group>"; };
		C08D762827E6CC60009EC92B /* PlusSheet.swift */ = {isa = PBXFileReference; lastKnownFileType = sourcecode.swift; path = PlusSheet.swift; sourceTree = "<group>"; };
		C08E838C250D2BF000F0E2E9 /* Route.swift */ = {isa = PBXFileReference; lastKnownFileType = sourcecode.swift; path = Route.swift; sourceTree = "<group>"; };
		C08FC1D6252509E6008589C1 /* Preview Assets.xcassets */ = {isa = PBXFileReference; lastKnownFileType = folder.assetcatalog; path = "Preview Assets.xcassets"; sourceTree = "<group>"; };
		C08FC1D8252509E6008589C1 /* App Clip.entitlements */ = {isa = PBXFileReference; fileEncoding = 4; lastKnownFileType = text.plist.entitlements; path = "App Clip.entitlements"; sourceTree = "<group>"; };
		C08FC1DA252509E6008589C1 /* Info.plist */ = {isa = PBXFileReference; fileEncoding = 4; lastKnownFileType = text.plist.xml; path = Info.plist; sourceTree = "<group>"; };
		C08FC22125251196008589C1 /* ContentView.swift */ = {isa = PBXFileReference; lastKnownFileType = sourcecode.swift; path = ContentView.swift; sourceTree = "<group>"; };
		C08FC23125251252008589C1 /* ShuttleTrackerApp.swift */ = {isa = PBXFileReference; lastKnownFileType = sourcecode.swift; path = ShuttleTrackerApp.swift; sourceTree = "<group>"; };
		C08FC24C2525157D008589C1 /* StoreKit.framework */ = {isa = PBXFileReference; lastKnownFileType = wrapper.framework; name = StoreKit.framework; path = Platforms/iPhoneOS.platform/Developer/SDKs/iPhoneOS14.2.sdk/System/Library/Frameworks/StoreKit.framework; sourceTree = DEVELOPER_DIR; };
		C08FC25E252515C8008589C1 /* AppClip.framework */ = {isa = PBXFileReference; lastKnownFileType = wrapper.framework; name = AppClip.framework; path = Platforms/iPhoneOS.platform/Developer/SDKs/iPhoneOS14.2.sdk/System/Library/Frameworks/AppClip.framework; sourceTree = DEVELOPER_DIR; };
		C0954809250C3A380025EA96 /* LocationManagerDelegate.swift */ = {isa = PBXFileReference; lastKnownFileType = sourcecode.swift; path = LocationManagerDelegate.swift; sourceTree = "<group>"; };
		C09EB45C293A6D8C00CCE01B /* MailComposeView.swift */ = {isa = PBXFileReference; lastKnownFileType = sourcecode.swift; path = MailComposeView.swift; sourceTree = "<group>"; };
		C09EB464293A718000CCE01B /* MailComposeViewDelegate.swift */ = {isa = PBXFileReference; lastKnownFileType = sourcecode.swift; path = MailComposeViewDelegate.swift; sourceTree = "<group>"; };
		C0A1E7252749EDFD00DBF248 /* AnnouncementsSheet.swift */ = {isa = PBXFileReference; lastKnownFileType = sourcecode.swift; path = AnnouncementsSheet.swift; sourceTree = "<group>"; };
		C0A1E7272749EE3D00DBF248 /* Announcement.swift */ = {isa = PBXFileReference; lastKnownFileType = sourcecode.swift; path = Announcement.swift; sourceTree = "<group>"; };
		C0A1E72A2749F8EC00DBF248 /* AnnouncementDetailView.swift */ = {isa = PBXFileReference; lastKnownFileType = sourcecode.swift; path = AnnouncementDetailView.swift; sourceTree = "<group>"; };
		C0A1E732274A16F100DBF248 /* WhatsNewSheet.swift */ = {isa = PBXFileReference; lastKnownFileType = sourcecode.swift; path = WhatsNewSheet.swift; sourceTree = "<group>"; };
		C0A2328D2525060300FAAD50 /* Locations.gpx */ = {isa = PBXFileReference; lastKnownFileType = text.xml; path = Locations.gpx; sourceTree = "<group>"; };
		C0A232942525080500FAAD50 /* App Clip.app */ = {isa = PBXFileReference; explicitFileType = wrapper.application; includeInIndex = 0; path = "App Clip.app"; sourceTree = BUILT_PRODUCTS_DIR; };
		C0A74600279E3411004F0E19 /* AdvancedSettingsView.swift */ = {isa = PBXFileReference; lastKnownFileType = sourcecode.swift; path = AdvancedSettingsView.swift; sourceTree = "<group>"; };
		C0A7A89028D7E65D00A2ACAA /* BoardBusManager.swift */ = {isa = PBXFileReference; lastKnownFileType = sourcecode.swift; path = BoardBusManager.swift; sourceTree = "<group>"; };
		C0B5E72628BAA81A00603D22 /* ColorName.swift */ = {isa = PBXFileReference; lastKnownFileType = sourcecode.swift; path = ColorName.swift; sourceTree = "<group>"; };
		C0BE7D1426E944D8004F0F97 /* Toast.swift */ = {isa = PBXFileReference; lastKnownFileType = sourcecode.swift; path = Toast.swift; sourceTree = "<group>"; };
		C0C9D3C7270F797400AE58BE /* SecondaryOverlay.swift */ = {isa = PBXFileReference; lastKnownFileType = sourcecode.swift; path = SecondaryOverlay.swift; sourceTree = "<group>"; };
		C0C9D3CB270F802A00AE58BE /* SettingsSheet.swift */ = {isa = PBXFileReference; lastKnownFileType = sourcecode.swift; path = SettingsSheet.swift; sourceTree = "<group>"; };
		C0C9D3CF270FA70C00AE58BE /* ViewState.swift */ = {isa = PBXFileReference; lastKnownFileType = sourcecode.swift; path = ViewState.swift; sourceTree = "<group>"; };
		C0F420C52926EDA100CC0F91 /* Logging.swift */ = {isa = PBXFileReference; lastKnownFileType = sourcecode.swift; path = Logging.swift; sourceTree = "<group>"; };
		C0F420CD29274C1400CC0F91 /* LoggingAnalyticsSettingsView.swift */ = {isa = PBXFileReference; lastKnownFileType = sourcecode.swift; path = LoggingAnalyticsSettingsView.swift; sourceTree = "<group>"; };
		C0F420D12927570900CC0F91 /* WrappedError.swift */ = {isa = PBXFileReference; lastKnownFileType = sourcecode.swift; path = WrappedError.swift; sourceTree = "<group>"; };
		C0FB5D4F2929B2430019E266 /* LogDetailView.swift */ = {isa = PBXFileReference; lastKnownFileType = sourcecode.swift; path = LogDetailView.swift; sourceTree = "<group>"; };
		C0FFD6D5250C33C800945F01 /* ShuttleTrackerApp.swift */ = {isa = PBXFileReference; lastKnownFileType = sourcecode.swift; path = ShuttleTrackerApp.swift; sourceTree = "<group>"; };
		C0FFD6D7250C33C900945F01 /* Assets.xcassets */ = {isa = PBXFileReference; lastKnownFileType = folder.assetcatalog; path = Assets.xcassets; sourceTree = "<group>"; };
		C0FFD6DC250C33C900945F01 /* Shuttle Tracker.app */ = {isa = PBXFileReference; explicitFileType = wrapper.application; includeInIndex = 0; path = "Shuttle Tracker.app"; sourceTree = BUILT_PRODUCTS_DIR; };
		C0FFD6DF250C33C900945F01 /* Info.plist */ = {isa = PBXFileReference; lastKnownFileType = text.plist.xml; path = Info.plist; sourceTree = "<group>"; };
		C0FFD6E4250C33C900945F01 /* Shuttle Tracker.app */ = {isa = PBXFileReference; explicitFileType = wrapper.application; includeInIndex = 0; path = "Shuttle Tracker.app"; sourceTree = BUILT_PRODUCTS_DIR; };
		C0FFD6E6250C33C900945F01 /* Info.plist */ = {isa = PBXFileReference; lastKnownFileType = text.plist.xml; path = Info.plist; sourceTree = "<group>"; };
		C0FFD6E7250C33C900945F01 /* macOS.entitlements */ = {isa = PBXFileReference; lastKnownFileType = text.plist.entitlements; path = macOS.entitlements; sourceTree = "<group>"; };
		C0FFD6F6250C33E700945F01 /* iOS.entitlements */ = {isa = PBXFileReference; lastKnownFileType = text.plist.entitlements; path = iOS.entitlements; sourceTree = "<group>"; };
/* End PBXFileReference section */

/* Begin PBXFrameworksBuildPhase section */
		C0A232912525080500FAAD50 /* Frameworks */ = {
			isa = PBXFrameworksBuildPhase;
			buildActionMask = 2147483647;
			files = (
				C0ACA02F27A4AC1D007FF08A /* OnboardingKit in Frameworks */,
				C09EB45B2934766F00CCE01B /* HTTPStatus in Frameworks */,
				C09EB463293A70DE00CCE01B /* OrderedCollections in Frameworks */,
				C0ACA02627A4ABEF007FF08A /* Moya in Frameworks */,
			);
			runOnlyForDeploymentPostprocessing = 0;
		};
		C0FFD6D9250C33C900945F01 /* Frameworks */ = {
			isa = PBXFrameworksBuildPhase;
			buildActionMask = 2147483647;
			files = (
				C0ACA02D27A4AC18007FF08A /* OnboardingKit in Frameworks */,
				C09EB4592934766900CCE01B /* HTTPStatus in Frameworks */,
				C09EB461293A70CF00CCE01B /* OrderedCollections in Frameworks */,
				C0ACA02427A4ABDD007FF08A /* Moya in Frameworks */,
			);
			runOnlyForDeploymentPostprocessing = 0;
		};
		C0FFD6E1250C33C900945F01 /* Frameworks */ = {
			isa = PBXFrameworksBuildPhase;
			buildActionMask = 2147483647;
			files = (
				C0ACA02B27A4AC12007FF08A /* OnboardingKit in Frameworks */,
				C09EB4572934765F00CCE01B /* HTTPStatus in Frameworks */,
				C09EB46B293A9A1F00CCE01B /* OrderedCollections in Frameworks */,
				C0ACA02827A4ABF3007FF08A /* Moya in Frameworks */,
			);
			runOnlyForDeploymentPostprocessing = 0;
		};
/* End PBXFrameworksBuildPhase section */

/* Begin PBXGroup section */
		C01528102517E1160069092C /* Delegates */ = {
			isa = PBXGroup;
			children = (
				C0954809250C3A380025EA96 /* LocationManagerDelegate.swift */,
				C09EB464293A718000CCE01B /* MailComposeViewDelegate.swift */,
				C01527EB2517D5D40069092C /* MapViewDelegate.swift */,
			);
			path = Delegates;
			sourceTree = "<group>";
		};
		C03EC6BC270CF7F10004F9F8 /* Config */ = {
			isa = PBXGroup;
			children = (
				C03EC6BD270CF7F10004F9F8 /* Shared (App Clip).xcconfig */,
				C03EC6BE270CF7F10004F9F8 /* Shared.xcconfig */,
				C03EC6BF270CF7F10004F9F8 /* Personal.xcconfig */,
			);
			path = Config;
			sourceTree = "<group>";
		};
		C03FD52626DD6E6A00A2532E /* Views */ = {
			isa = PBXGroup;
			children = (
				C059833A27D2C77900299D27 /* AboutView.swift */,
				C0A74600279E3411004F0E19 /* AdvancedSettingsView.swift */,
				C082CCE7277FB2AF005D0209 /* BoardBusToast.swift */,
				C059833C27D2C82E00299D27 /* InfoSheet.swift */,
				6B3B2B432710E5BB001D6C8E /* InfoView.swift */,
				C0078EED2741B1240036FBC8 /* PermissionsSheet.swift */,
				C08D762827E6CC60009EC92B /* PlusSheet.swift */,
				C0C9D3C7270F797400AE58BE /* SecondaryOverlay.swift */,
				C082CCE9277FB314005D0209 /* SecondaryOverlayButton.swift */,
				C0C9D3CB270F802A00AE58BE /* SettingsSheet.swift */,
				C059832127D1551400299D27 /* WelcomeSheet.swift */,
			);
			path = Views;
			sourceTree = "<group>";
		};
		C085A2DC27C5B35100AA01F3 /* Delegates */ = {
			isa = PBXGroup;
			children = (
				C085A2DD27C5B36000AA01F3 /* AppDelegate.swift */,
			);
			path = Delegates;
			sourceTree = "<group>";
		};
		C086017025D83D8700C4F583 /* Views */ = {
			isa = PBXGroup;
			children = (
				C0A1E72A2749F8EC00DBF248 /* AnnouncementDetailView.swift */,
				C0A1E7252749EDFD00DBF248 /* AnnouncementsSheet.swift */,
				C039B0622796201200416725 /* CloseButton.swift */,
				C08FC22125251196008589C1 /* ContentView.swift */,
				C0019DEB251A3EFC0020574D /* BlockButton.swift */,
				C082CCEE277FB33C005D0209 /* BusOption.swift */,
				65F39E2F29F35B3A009F87E4 /* WeatherRow.swift */,
				65F39E2C29F35B34009F87E4 /* WeatherManager.swift */,
				C082CCED277FB33C005D0209 /* BusSelectionSheet.swift */,
				C03EE72026DEAD1F00878D77 /* LegendToast.swift */,
				65F39E2929F35B2F009F87E4 /* WeatherView.swift */,
				C0FB5D4F2929B2430019E266 /* LogDetailView.swift */,
				C0F420CD29274C1400CC0F91 /* LoggingAnalyticsSettingsView.swift */,
				C09EB45C293A6D8C00CCE01B /* MailComposeView.swift */,
				C01527E12517CFA60069092C /* MapView.swift */,
				C082CCEB277FB33C005D0209 /* PrimaryOverlay.swift */,
				C059833E27D2CEFA00299D27 /* PrivacySheet.swift */,
				C059831D27D14C8C00299D27 /* PrivacyView.swift */,
				C038BEC4270FC91100A23A2B /* SettingsView.swift */,
				C059832327D1840700299D27 /* SheetPresentationWrapper.swift */,
				C0BE7D1426E944D8004F0F97 /* Toast.swift */,
				C0019DDF25192AA50020574D /* VisualEffectView.swift */,
				C0A1E732274A16F100DBF248 /* WhatsNewSheet.swift */,
				65C594DB29EBA3880077A506 /* WeatherView.swift */,
			);
			path = Views;
			sourceTree = "<group>";
		};
		C086017125D83D9900C4F583 /* Models */ = {
			isa = PBXGroup;
			children = (
				C0A1E7272749EE3D00DBF248 /* Announcement.swift */,
				65F39E2629F35B27009F87E4 /* DetailedForecast.swift */,
				C01528132517E1E00069092C /* Bus.swift */,
				C0B5E72628BAA81A00603D22 /* ColorName.swift */,
				C01F6D7826E44BE400D33656 /* Coordinate.swift */,
				C08E838C250D2BF000F0E2E9 /* Route.swift */,
				A1ED8B8727BC558A000A26E5 /* Schedule.swift */,
				C0019DCD251910E80020574D /* Stop.swift */,
				65C594D829EBA3610077A506 /* File.swift */,
			);
			path = Models;
			sourceTree = "<group>";
		};
		C08FC1D3252509E6008589C1 /* App Clip */ = {
			isa = PBXGroup;
			children = (
				C08FC23125251252008589C1 /* ShuttleTrackerApp.swift */,
				C08FC1DA252509E6008589C1 /* Info.plist */,
				C08FC1D8252509E6008589C1 /* App Clip.entitlements */,
				C08FC1D5252509E6008589C1 /* Preview Content */,
			);
			path = "App Clip";
			sourceTree = "<group>";
		};
		C08FC1D5252509E6008589C1 /* Preview Content */ = {
			isa = PBXGroup;
			children = (
				C08FC1D6252509E6008589C1 /* Preview Assets.xcassets */,
			);
			path = "Preview Content";
			sourceTree = "<group>";
		};
		C08FC24B2525157D008589C1 /* Frameworks */ = {
			isa = PBXGroup;
			children = (
				C08FC25E252515C8008589C1 /* AppClip.framework */,
				C08FC24C2525157D008589C1 /* StoreKit.framework */,
			);
			name = Frameworks;
			sourceTree = "<group>";
		};
		C0C9D3D3270FA74400AE58BE /* State */ = {
			isa = PBXGroup;
			children = (
				C015281C2517F68F0069092C /* MapState.swift */,
				C0C9D3CF270FA70C00AE58BE /* ViewState.swift */,
			);
			path = State;
			sourceTree = "<group>";
		};
		C0DA69BF25D83F2C0010C037 /* Views */ = {
			isa = PBXGroup;
			children = (
				C015280A2517DEBE0069092C /* MapView.swift */,
				C0019DE525192AEA0020574D /* VisualEffectView.swift */,
			);
			path = Views;
			sourceTree = "<group>";
		};
		C0FFD6CF250C33C800945F01 = {
			isa = PBXGroup;
			children = (
				C0A2328D2525060300FAAD50 /* Locations.gpx */,
				C03EC6BC270CF7F10004F9F8 /* Config */,
				C0FFD6D4250C33C800945F01 /* Shared */,
				C0FFD6DE250C33C900945F01 /* iOS */,
				C0FFD6E5250C33C900945F01 /* macOS */,
				C08FC1D3252509E6008589C1 /* App Clip */,
				C0FFD6DD250C33C900945F01 /* Products */,
				C08FC24B2525157D008589C1 /* Frameworks */,
			);
			sourceTree = "<group>";
		};
		C0FFD6D4250C33C800945F01 /* Shared */ = {
			isa = PBXGroup;
			children = (
				C01528102517E1160069092C /* Delegates */,
				C086017125D83D9900C4F583 /* Models */,
				C0C9D3D3270FA74400AE58BE /* State */,
				C086017025D83D8700C4F583 /* Views */,
				C025ED422527C1D500524144 /* API.swift */,
				C0730C1627F103D200EF7550 /* AppStorageManager.swift */,
				C0A7A89028D7E65D00A2ACAA /* BoardBusManager.swift */,
				C082CCF6277FB38A005D0209 /* BusID.swift */,
				C0019DD425191EBB0020574D /* CustomAnnotation.swift */,
				C0F420C52926EDA100CC0F91 /* Logging.swift */,
				C03B1D352741E18B007B318E /* SheetStack.swift */,
				C01527F62517DCAF0069092C /* Utilities.swift */,
				C0F420D12927570900CC0F91 /* WrappedError.swift */,
				C0FFD6D7250C33C900945F01 /* Assets.xcassets */,
			);
			path = Shared;
			sourceTree = "<group>";
		};
		C0FFD6DD250C33C900945F01 /* Products */ = {
			isa = PBXGroup;
			children = (
				C0FFD6DC250C33C900945F01 /* Shuttle Tracker.app */,
				C0FFD6E4250C33C900945F01 /* Shuttle Tracker.app */,
				C0A232942525080500FAAD50 /* App Clip.app */,
			);
			name = Products;
			sourceTree = "<group>";
		};
		C0FFD6DE250C33C900945F01 /* iOS */ = {
			isa = PBXGroup;
			children = (
				C03FD52626DD6E6A00A2532E /* Views */,
				C0FFD6D5250C33C800945F01 /* ShuttleTrackerApp.swift */,
				C0FFD6DF250C33C900945F01 /* Info.plist */,
				C0FFD6F6250C33E700945F01 /* iOS.entitlements */,
			);
			path = iOS;
			sourceTree = "<group>";
		};
		C0FFD6E5250C33C900945F01 /* macOS */ = {
			isa = PBXGroup;
			children = (
				C085A2DC27C5B35100AA01F3 /* Delegates */,
				C0DA69BF25D83F2C0010C037 /* Views */,
				C038BEC2270FC7E700A23A2B /* ShuttleTrackerApp.swift */,
				C0FFD6E6250C33C900945F01 /* Info.plist */,
				C0FFD6E7250C33C900945F01 /* macOS.entitlements */,
			);
			path = macOS;
			sourceTree = "<group>";
		};
/* End PBXGroup section */

/* Begin PBXNativeTarget section */
		C0A232932525080500FAAD50 /* App Clip */ = {
			isa = PBXNativeTarget;
			buildConfigurationList = C0A232A42525080600FAAD50 /* Build configuration list for PBXNativeTarget "App Clip" */;
			buildPhases = (
				C0A232902525080500FAAD50 /* Sources */,
				C0A232912525080500FAAD50 /* Frameworks */,
				C0A232922525080500FAAD50 /* Resources */,
			);
			buildRules = (
			);
			dependencies = (
			);
			name = "App Clip";
			packageProductDependencies = (
				C0ACA02527A4ABEF007FF08A /* Moya */,
				C0ACA02E27A4AC1D007FF08A /* OnboardingKit */,
				C09EB45A2934766F00CCE01B /* HTTPStatus */,
				C09EB462293A70DE00CCE01B /* OrderedCollections */,
			);
			productName = "Rensselaer Shuttle";
			productReference = C0A232942525080500FAAD50 /* App Clip.app */;
			productType = "com.apple.product-type.application.on-demand-install-capable";
		};
		C0FFD6DB250C33C900945F01 /* iOS */ = {
			isa = PBXNativeTarget;
			buildConfigurationList = C0FFD6F0250C33C900945F01 /* Build configuration list for PBXNativeTarget "iOS" */;
			buildPhases = (
				C0FFD6D8250C33C900945F01 /* Sources */,
				C0FFD6D9250C33C900945F01 /* Frameworks */,
				C0FFD6DA250C33C900945F01 /* Resources */,
				C0A232A72525080600FAAD50 /* Embed App Clips */,
			);
			buildRules = (
			);
			dependencies = (
				C0A232A22525080600FAAD50 /* PBXTargetDependency */,
			);
			name = iOS;
			packageProductDependencies = (
				C0ACA02327A4ABDD007FF08A /* Moya */,
				C0ACA02C27A4AC18007FF08A /* OnboardingKit */,
				C09EB4582934766900CCE01B /* HTTPStatus */,
				C09EB460293A70CF00CCE01B /* OrderedCollections */,
			);
			productName = "Rennselaer Shuttle (iOS)";
			productReference = C0FFD6DC250C33C900945F01 /* Shuttle Tracker.app */;
			productType = "com.apple.product-type.application";
		};
		C0FFD6E3250C33C900945F01 /* macOS */ = {
			isa = PBXNativeTarget;
			buildConfigurationList = C0FFD6F3250C33C900945F01 /* Build configuration list for PBXNativeTarget "macOS" */;
			buildPhases = (
				C0FFD6E0250C33C900945F01 /* Sources */,
				C0FFD6E1250C33C900945F01 /* Frameworks */,
				C0FFD6E2250C33C900945F01 /* Resources */,
			);
			buildRules = (
			);
			dependencies = (
			);
			name = macOS;
			packageProductDependencies = (
				C0ACA02727A4ABF3007FF08A /* Moya */,
				C0ACA02A27A4AC12007FF08A /* OnboardingKit */,
				C09EB4562934765F00CCE01B /* HTTPStatus */,
				C09EB46A293A9A1F00CCE01B /* OrderedCollections */,
			);
			productName = "Rennselaer Shuttle (macOS)";
			productReference = C0FFD6E4250C33C900945F01 /* Shuttle Tracker.app */;
			productType = "com.apple.product-type.application";
		};
/* End PBXNativeTarget section */

/* Begin PBXProject section */
		C0FFD6D0250C33C800945F01 /* Project object */ = {
			isa = PBXProject;
			attributes = {
				LastSwiftUpdateCheck = 1220;
				LastUpgradeCheck = 1400;
				TargetAttributes = {
					C0A232932525080500FAAD50 = {
						CreatedOnToolsVersion = 12.2;
					};
					C0FFD6DB250C33C900945F01 = {
						CreatedOnToolsVersion = 12.0;
					};
					C0FFD6E3250C33C900945F01 = {
						CreatedOnToolsVersion = 12.0;
					};
				};
			};
			buildConfigurationList = C0FFD6D3250C33C800945F01 /* Build configuration list for PBXProject "Shuttle Tracker" */;
			compatibilityVersion = "Xcode 9.3";
			developmentRegion = en;
			hasScannedForEncodings = 0;
			knownRegions = (
				en,
				Base,
			);
			mainGroup = C0FFD6CF250C33C800945F01;
			packageReferences = (
				C0ACA02227A4ABDD007FF08A /* XCRemoteSwiftPackageReference "Moya" */,
				C0ACA02927A4AC12007FF08A /* XCRemoteSwiftPackageReference "OnboardingKit" */,
				C09EB4552934765F00CCE01B /* XCRemoteSwiftPackageReference "HTTP-Status" */,
				C09EB45F293A70CF00CCE01B /* XCRemoteSwiftPackageReference "swift-collections" */,
			);
			productRefGroup = C0FFD6DD250C33C900945F01 /* Products */;
			projectDirPath = "";
			projectRoot = "";
			targets = (
				C0FFD6E3250C33C900945F01 /* macOS */,
				C0FFD6DB250C33C900945F01 /* iOS */,
				C0A232932525080500FAAD50 /* App Clip */,
			);
		};
/* End PBXProject section */

/* Begin PBXResourcesBuildPhase section */
		C0A232922525080500FAAD50 /* Resources */ = {
			isa = PBXResourcesBuildPhase;
			buildActionMask = 2147483647;
			files = (
				C08FC21425250BEE008589C1 /* Assets.xcassets in Resources */,
				C08FC1DC252509E7008589C1 /* Preview Assets.xcassets in Resources */,
			);
			runOnlyForDeploymentPostprocessing = 0;
		};
		C0FFD6DA250C33C900945F01 /* Resources */ = {
			isa = PBXResourcesBuildPhase;
			buildActionMask = 2147483647;
			files = (
				C0FFD6EC250C33C900945F01 /* Assets.xcassets in Resources */,
			);
			runOnlyForDeploymentPostprocessing = 0;
		};
		C0FFD6E2250C33C900945F01 /* Resources */ = {
			isa = PBXResourcesBuildPhase;
			buildActionMask = 2147483647;
			files = (
				C0FFD6ED250C33C900945F01 /* Assets.xcassets in Resources */,
			);
			runOnlyForDeploymentPostprocessing = 0;
		};
/* End PBXResourcesBuildPhase section */

/* Begin PBXSourcesBuildPhase section */
		C0A232902525080500FAAD50 /* Sources */ = {
			isa = PBXSourcesBuildPhase;
			buildActionMask = 2147483647;
			files = (
				C08FC20625250AE6008589C1 /* MapView.swift in Sources */,
				C08FC1EC25250A69008589C1 /* BlockButton.swift in Sources */,
				C0A1E731274A03BD00DBF248 /* Announcement.swift in Sources */,
				C0730C1927F103D200EF7550 /* AppStorageManager.swift in Sources */,
				C08FC23225251252008589C1 /* ShuttleTrackerApp.swift in Sources */,
				C059832027D14C8C00299D27 /* PrivacyView.swift in Sources */,
				C0A232CA252508E000FAAD50 /* MapState.swift in Sources */,
				C0F420C82926EDA100CC0F91 /* Logging.swift in Sources */,
				C082CCF3277FB360005D0209 /* BusSelectionSheet.swift in Sources */,
				C039B0652796201200416725 /* CloseButton.swift in Sources */,
				C0A7A89228D7E65D00A2ACAA /* BoardBusManager.swift in Sources */,
				C0F420D42927570900CC0F91 /* WrappedError.swift in Sources */,
				C082CCF4277FB36B005D0209 /* PrimaryOverlay.swift in Sources */,
				C03EE72326DEAD1F00878D77 /* LegendToast.swift in Sources */,
				C0A232C2252508D100FAAD50 /* MapViewDelegate.swift in Sources */,
				C0C9D3D2270FA70C00AE58BE /* ViewState.swift in Sources */,
				C0BE7D1726E944D8004F0F97 /* Toast.swift in Sources */,
				A1ED8B8A27BC558A000A26E5 /* Schedule.swift in Sources */,
				C082CCF5277FB36E005D0209 /* BusOption.swift in Sources */,
				C08FC20D25250AFD008589C1 /* VisualEffectView.swift in Sources */,
				C0A1E72F274A03B600DBF248 /* AnnouncementsSheet.swift in Sources */,
				C025ED452527C1D500524144 /* API.swift in Sources */,
				C0A232B6252508C800FAAD50 /* Bus.swift in Sources */,
				C09EB466293A718000CCE01B /* MailComposeViewDelegate.swift in Sources */,
				C059834127D2CF0400299D27 /* PrivacySheet.swift in Sources */,
				C059832627D1841400299D27 /* SheetPresentationWrapper.swift in Sources */,
				C03B1D382741E18B007B318E /* SheetStack.swift in Sources */,
				C00ED35327E79DCA0075ABC4 /* PlusSheet.swift in Sources */,
				C0A1E72D2749F8EC00DBF248 /* AnnouncementDetailView.swift in Sources */,
				C0A232C6252508D400FAAD50 /* Utilities.swift in Sources */,
				C0B5E72928BAA81A00603D22 /* ColorName.swift in Sources */,
				C082CCF8277FB38A005D0209 /* BusID.swift in Sources */,
				C08FC20225250ADF008589C1 /* CustomAnnotation.swift in Sources */,
				C0A232BE252508CD00FAAD50 /* Route.swift in Sources */,
				C08FC22A252511E6008589C1 /* ContentView.swift in Sources */,
				C0A232BA252508CA00FAAD50 /* Stop.swift in Sources */,
				C01F6D7B26E44BE400D33656 /* Coordinate.swift in Sources */,
				C09EB45E293A6D8C00CCE01B /* MailComposeView.swift in Sources */,
				C08FC1F025250A73008589C1 /* LocationManagerDelegate.swift in Sources */,
			);
			runOnlyForDeploymentPostprocessing = 0;
		};
		C0FFD6D8250C33C900945F01 /* Sources */ = {
			isa = PBXSourcesBuildPhase;
			buildActionMask = 2147483647;
			files = (
				65C594DD29EBA3880077A506 /* WeatherView.swift in Sources */,
				C0A7A89128D7E65D00A2ACAA /* BoardBusManager.swift in Sources */,
				C0078EEE2741B1240036FBC8 /* PermissionsSheet.swift in Sources */,
				C015281D2517F68F0069092C /* MapState.swift in Sources */,
				65F39E3129F35B3A009F87E4 /* WeatherRow.swift in Sources */,
				65F39E2829F35B27009F87E4 /* DetailedForecast.swift in Sources */,
				C01528142517E1E00069092C /* Bus.swift in Sources */,
				C0019DCE251910E80020574D /* Stop.swift in Sources */,
				C08D762A27E6CC60009EC92B /* PlusSheet.swift in Sources */,
				C03B1D372741E18B007B318E /* SheetStack.swift in Sources */,
				C03EE72226DEAD1F00878D77 /* LegendToast.swift in Sources */,
				C0730C1827F103D200EF7550 /* AppStorageManager.swift in Sources */,
				C0C9D3CD270F802A00AE58BE /* SettingsSheet.swift in Sources */,
				C0A1E72C2749F8EC00DBF248 /* AnnouncementDetailView.swift in Sources */,
				C039B0642796201200416725 /* CloseButton.swift in Sources */,
				C0F420CF29274C1400CC0F91 /* LoggingAnalyticsSettingsView.swift in Sources */,
				C082CCEA277FB314005D0209 /* SecondaryOverlayButton.swift in Sources */,
				C0C9D3C9270F797400AE58BE /* SecondaryOverlay.swift in Sources */,
				C01527F72517DCAF0069092C /* Utilities.swift in Sources */,
				C01527EC2517D5D40069092C /* MapViewDelegate.swift in Sources */,
				C082CCF1277FB33C005D0209 /* BusSelectionSheet.swift in Sources */,
				C059832227D1551400299D27 /* WelcomeSheet.swift in Sources */,
				C0C9D3D1270FA70C00AE58BE /* ViewState.swift in Sources */,
				65F39E2E29F35B34009F87E4 /* WeatherManager.swift in Sources */,
				C09EB45D293A6D8C00CCE01B /* MailComposeView.swift in Sources */,
				C0BE7D1626E944D8004F0F97 /* Toast.swift in Sources */,
				C082CCE8277FB2AF005D0209 /* BoardBusToast.swift in Sources */,
				C059833F27D2CEFA00299D27 /* PrivacySheet.swift in Sources */,
				C0FFD6E8250C33C900945F01 /* ShuttleTrackerApp.swift in Sources */,
				C082CCF2277FB33C005D0209 /* BusOption.swift in Sources */,
				C025ED432527C1D500524144 /* API.swift in Sources */,
				C0B5E72828BAA81A00603D22 /* ColorName.swift in Sources */,
				C0019DE025192AA50020574D /* VisualEffectView.swift in Sources */,
				C01527E22517CFA60069092C /* MapView.swift in Sources */,
				C0019DD525191EBB0020574D /* CustomAnnotation.swift in Sources */,
				C0FB5D502929B2430019E266 /* LogDetailView.swift in Sources */,
				C059833B27D2C77900299D27 /* AboutView.swift in Sources */,
				C095480A250C3A380025EA96 /* LocationManagerDelegate.swift in Sources */,
				C0F420D32927570900CC0F91 /* WrappedError.swift in Sources */,
				C0F420C72926EDA100CC0F91 /* Logging.swift in Sources */,
				C0A1E730274A03BC00DBF248 /* Announcement.swift in Sources */,
				C059833D27D2C82E00299D27 /* InfoSheet.swift in Sources */,
				6B3B2B442710E5BB001D6C8E /* InfoView.swift in Sources */,
				C08FC22225251196008589C1 /* ContentView.swift in Sources */,
				C08E838D250D2BF000F0E2E9 /* Route.swift in Sources */,
				C01F6D7A26E44BE400D33656 /* Coordinate.swift in Sources */,
				C059832427D1840700299D27 /* SheetPresentationWrapper.swift in Sources */,
				65F39E2B29F35B2F009F87E4 /* WeatherView.swift in Sources */,
				65C594DA29EBA3610077A506 /* File.swift in Sources */,
				C0A74601279E3411004F0E19 /* AdvancedSettingsView.swift in Sources */,
				C082CCEF277FB33C005D0209 /* PrimaryOverlay.swift in Sources */,
				A1ED8B8927BC558A000A26E5 /* Schedule.swift in Sources */,
				C0019DEC251A3EFC0020574D /* BlockButton.swift in Sources */,
				C09EB465293A718000CCE01B /* MailComposeViewDelegate.swift in Sources */,
				C038BEC6270FC91100A23A2B /* SettingsView.swift in Sources */,
				C059831F27D14C8C00299D27 /* PrivacyView.swift in Sources */,
				C039B06027961FE200416725 /* BusID.swift in Sources */,
				C0A1E72E274A03B500DBF248 /* AnnouncementsSheet.swift in Sources */,
				C0A1E734274A16F100DBF248 /* WhatsNewSheet.swift in Sources */,
			);
			runOnlyForDeploymentPostprocessing = 0;
		};
		C0FFD6E0250C33C900945F01 /* Sources */ = {
			isa = PBXSourcesBuildPhase;
			buildActionMask = 2147483647;
			files = (
				C09EB46D293A9BF600CCE01B /* PrivacySheet.swift in Sources */,
				65F39E2729F35B27009F87E4 /* DetailedForecast.swift in Sources */,
				C0A1E72B2749F8EC00DBF248 /* AnnouncementDetailView.swift in Sources */,
				C038BEC5270FC91100A23A2B /* SettingsView.swift in Sources */,
				C0FB5D542929CC3F0019E266 /* LogDetailView.swift in Sources */,
				C015281E2517F68F0069092C /* MapState.swift in Sources */,
				C0730C1727F103D200EF7550 /* AppStorageManager.swift in Sources */,
				C01528152517E1E00069092C /* Bus.swift in Sources */,
				C0F420D22927570900CC0F91 /* WrappedError.swift in Sources */,
				C0BE7D1526E944D8004F0F97 /* Toast.swift in Sources */,
				C0A1E7282749EE3D00DBF248 /* Announcement.swift in Sources */,
				65F39E3029F35B3A009F87E4 /* WeatherRow.swift in Sources */,
				65C594D929EBA3610077A506 /* File.swift in Sources */,
				65F39E2D29F35B34009F87E4 /* WeatherManager.swift in Sources */,
				C0FB5D532929CC3D0019E266 /* LoggingAnalyticsSettingsView.swift in Sources */,
				C039B0632796201200416725 /* CloseButton.swift in Sources */,
				C0019DCF251910E80020574D /* Stop.swift in Sources */,
				C01527ED2517D5D40069092C /* MapViewDelegate.swift in Sources */,
				65C594DC29EBA3880077A506 /* WeatherView.swift in Sources */,
				C015280B2517DEBE0069092C /* MapView.swift in Sources */,
				C0C9D3D0270FA70C00AE58BE /* ViewState.swift in Sources */,
				C03EE72126DEAD1F00878D77 /* LegendToast.swift in Sources */,
				A1ED8B8827BC558A000A26E5 /* Schedule.swift in Sources */,
				C09EB46C293A9BEE00CCE01B /* PrivacyView.swift in Sources */,
				C0A1E7292749F33C00DBF248 /* (null) in Sources */,
				C025ED442527C1D500524144 /* API.swift in Sources */,
				C0A1E733274A16F100DBF248 /* WhatsNewSheet.swift in Sources */,
				C039B06127961FE300416725 /* BusID.swift in Sources */,
				C0019DE625192AEA0020574D /* VisualEffectView.swift in Sources */,
				C095480B250C3A380025EA96 /* LocationManagerDelegate.swift in Sources */,
				C03B1D362741E18B007B318E /* SheetStack.swift in Sources */,
				C0019DD625191EBB0020574D /* CustomAnnotation.swift in Sources */,
				C059832527D1841400299D27 /* SheetPresentationWrapper.swift in Sources */,
				C01527F82517DCAF0069092C /* Utilities.swift in Sources */,
				C0B5E72728BAA81A00603D22 /* ColorName.swift in Sources */,
				65F39E2A29F35B2F009F87E4 /* WeatherView.swift in Sources */,
				C038BEC3270FC7E700A23A2B /* ShuttleTrackerApp.swift in Sources */,
				C085A2DE27C5B36000AA01F3 /* AppDelegate.swift in Sources */,
				C08FC22325251196008589C1 /* ContentView.swift in Sources */,
				C08E838E250D2BF000F0E2E9 /* Route.swift in Sources */,
				C0F420C62926EDA100CC0F91 /* Logging.swift in Sources */,
				C0A1E7262749EDFD00DBF248 /* AnnouncementsSheet.swift in Sources */,
				C0019DED251A3EFC0020574D /* BlockButton.swift in Sources */,
				C01F6D7926E44BE400D33656 /* Coordinate.swift in Sources */,
			);
			runOnlyForDeploymentPostprocessing = 0;
		};
/* End PBXSourcesBuildPhase section */

/* Begin PBXTargetDependency section */
		C0A232A22525080600FAAD50 /* PBXTargetDependency */ = {
			isa = PBXTargetDependency;
			target = C0A232932525080500FAAD50 /* App Clip */;
			targetProxy = C0A232A12525080600FAAD50 /* PBXContainerItemProxy */;
		};
/* End PBXTargetDependency section */

/* Begin XCBuildConfiguration section */
		C0A232A52525080600FAAD50 /* Debug */ = {
			isa = XCBuildConfiguration;
			baseConfigurationReference = C03EC6BD270CF7F10004F9F8 /* Shared (App Clip).xcconfig */;
			buildSettings = {
				ASSETCATALOG_COMPILER_APPICON_NAME = AppIcon;
				ASSETCATALOG_COMPILER_GLOBAL_ACCENT_COLOR_NAME = AccentColor;
				CODE_SIGN_ENTITLEMENTS = "App Clip/App Clip.entitlements";
				CURRENT_PROJECT_VERSION = 36;
				DEVELOPMENT_ASSET_PATHS = "\"App Clip/Preview Content\"";
				ENABLE_PREVIEWS = YES;
				INFOPLIST_FILE = "$(SRCROOT)/App Clip/Info.plist";
				INFOPLIST_KEY_CFBundleDisplayName = "Shuttle Tracker";
				INFOPLIST_KEY_LSApplicationCategoryType = "public.app-category.navigation";
				IPHONEOS_DEPLOYMENT_TARGET = 15.0;
				LD_RUNPATH_SEARCH_PATHS = (
					"$(inherited)",
					"@executable_path/Frameworks",
				);
				MARKETING_VERSION = 1.5.1;
				PRODUCT_NAME = "$(TARGET_NAME)";
				SDKROOT = iphoneos;
				SWIFT_ACTIVE_COMPILATION_CONDITIONS = "DEBUG APPCLIP";
				SWIFT_VERSION = 5.0;
				TARGETED_DEVICE_FAMILY = "1,2";
			};
			name = Debug;
		};
		C0A232A62525080600FAAD50 /* Release */ = {
			isa = XCBuildConfiguration;
			buildSettings = {
				ASSETCATALOG_COMPILER_APPICON_NAME = AppIcon;
				ASSETCATALOG_COMPILER_GLOBAL_ACCENT_COLOR_NAME = AccentColor;
				CODE_SIGN_ENTITLEMENTS = "App Clip/App Clip.entitlements";
				CURRENT_PROJECT_VERSION = 36;
				DEVELOPMENT_ASSET_PATHS = "\"App Clip/Preview Content\"";
				DEVELOPMENT_TEAM = SYBLH277NF;
				ENABLE_PREVIEWS = YES;
				INFOPLIST_FILE = "$(SRCROOT)/App Clip/Info.plist";
				INFOPLIST_KEY_CFBundleDisplayName = "Shuttle Tracker";
				INFOPLIST_KEY_LSApplicationCategoryType = "public.app-category.navigation";
				IPHONEOS_DEPLOYMENT_TARGET = 15.0;
				LD_RUNPATH_SEARCH_PATHS = (
					"$(inherited)",
					"@executable_path/Frameworks",
				);
				MARKETING_VERSION = 1.5.1;
				PRODUCT_BUNDLE_IDENTIFIER = com.gerzer.shuttletracker.appclip;
				PRODUCT_NAME = "$(TARGET_NAME)";
				SDKROOT = iphoneos;
				SWIFT_ACTIVE_COMPILATION_CONDITIONS = APPCLIP;
				SWIFT_VERSION = 5.0;
				TARGETED_DEVICE_FAMILY = "1,2";
				VALIDATE_PRODUCT = YES;
			};
			name = Release;
		};
		C0FFD6EE250C33C900945F01 /* Debug */ = {
			isa = XCBuildConfiguration;
			baseConfigurationReference = C03EC6BE270CF7F10004F9F8 /* Shared.xcconfig */;
			buildSettings = {
				ALWAYS_SEARCH_USER_PATHS = NO;
				CLANG_ANALYZER_NONNULL = YES;
				CLANG_ANALYZER_NUMBER_OBJECT_CONVERSION = YES_AGGRESSIVE;
				CLANG_CXX_LANGUAGE_STANDARD = "gnu++14";
				CLANG_CXX_LIBRARY = "libc++";
				CLANG_ENABLE_MODULES = YES;
				CLANG_ENABLE_OBJC_ARC = YES;
				CLANG_ENABLE_OBJC_WEAK = YES;
				CLANG_WARN_BLOCK_CAPTURE_AUTORELEASING = YES;
				CLANG_WARN_BOOL_CONVERSION = YES;
				CLANG_WARN_COMMA = YES;
				CLANG_WARN_CONSTANT_CONVERSION = YES;
				CLANG_WARN_DEPRECATED_OBJC_IMPLEMENTATIONS = YES;
				CLANG_WARN_DIRECT_OBJC_ISA_USAGE = YES_ERROR;
				CLANG_WARN_DOCUMENTATION_COMMENTS = YES;
				CLANG_WARN_EMPTY_BODY = YES;
				CLANG_WARN_ENUM_CONVERSION = YES;
				CLANG_WARN_INFINITE_RECURSION = YES;
				CLANG_WARN_INT_CONVERSION = YES;
				CLANG_WARN_NON_LITERAL_NULL_CONVERSION = YES;
				CLANG_WARN_OBJC_IMPLICIT_RETAIN_SELF = YES;
				CLANG_WARN_OBJC_LITERAL_CONVERSION = YES;
				CLANG_WARN_OBJC_ROOT_CLASS = YES_ERROR;
				CLANG_WARN_QUOTED_INCLUDE_IN_FRAMEWORK_HEADER = YES;
				CLANG_WARN_RANGE_LOOP_ANALYSIS = YES;
				CLANG_WARN_STRICT_PROTOTYPES = YES;
				CLANG_WARN_SUSPICIOUS_MOVE = YES;
				CLANG_WARN_UNGUARDED_AVAILABILITY = YES_AGGRESSIVE;
				CLANG_WARN_UNREACHABLE_CODE = YES;
				CLANG_WARN__DUPLICATE_METHOD_MATCH = YES;
				COPY_PHASE_STRIP = NO;
				DEAD_CODE_STRIPPING = YES;
				DEBUG_INFORMATION_FORMAT = dwarf;
				ENABLE_STRICT_OBJC_MSGSEND = YES;
				ENABLE_TESTABILITY = YES;
				GCC_C_LANGUAGE_STANDARD = gnu11;
				GCC_DYNAMIC_NO_PIC = NO;
				GCC_NO_COMMON_BLOCKS = YES;
				GCC_OPTIMIZATION_LEVEL = 0;
				GCC_PREPROCESSOR_DEFINITIONS = (
					"DEBUG=1",
					"$(inherited)",
				);
				GCC_WARN_64_TO_32_BIT_CONVERSION = YES;
				GCC_WARN_ABOUT_RETURN_TYPE = YES_ERROR;
				GCC_WARN_UNDECLARED_SELECTOR = YES;
				GCC_WARN_UNINITIALIZED_AUTOS = YES_AGGRESSIVE;
				GCC_WARN_UNUSED_FUNCTION = YES;
				GCC_WARN_UNUSED_VARIABLE = YES;
				MTL_ENABLE_DEBUG_INFO = INCLUDE_SOURCE;
				MTL_FAST_MATH = YES;
				ONLY_ACTIVE_ARCH = YES;
				SWIFT_ACTIVE_COMPILATION_CONDITIONS = DEBUG;
				SWIFT_OPTIMIZATION_LEVEL = "-Onone";
			};
			name = Debug;
		};
		C0FFD6EF250C33C900945F01 /* Release */ = {
			isa = XCBuildConfiguration;
			buildSettings = {
				ALWAYS_SEARCH_USER_PATHS = NO;
				CLANG_ANALYZER_NONNULL = YES;
				CLANG_ANALYZER_NUMBER_OBJECT_CONVERSION = YES_AGGRESSIVE;
				CLANG_CXX_LANGUAGE_STANDARD = "gnu++14";
				CLANG_CXX_LIBRARY = "libc++";
				CLANG_ENABLE_MODULES = YES;
				CLANG_ENABLE_OBJC_ARC = YES;
				CLANG_ENABLE_OBJC_WEAK = YES;
				CLANG_WARN_BLOCK_CAPTURE_AUTORELEASING = YES;
				CLANG_WARN_BOOL_CONVERSION = YES;
				CLANG_WARN_COMMA = YES;
				CLANG_WARN_CONSTANT_CONVERSION = YES;
				CLANG_WARN_DEPRECATED_OBJC_IMPLEMENTATIONS = YES;
				CLANG_WARN_DIRECT_OBJC_ISA_USAGE = YES_ERROR;
				CLANG_WARN_DOCUMENTATION_COMMENTS = YES;
				CLANG_WARN_EMPTY_BODY = YES;
				CLANG_WARN_ENUM_CONVERSION = YES;
				CLANG_WARN_INFINITE_RECURSION = YES;
				CLANG_WARN_INT_CONVERSION = YES;
				CLANG_WARN_NON_LITERAL_NULL_CONVERSION = YES;
				CLANG_WARN_OBJC_IMPLICIT_RETAIN_SELF = YES;
				CLANG_WARN_OBJC_LITERAL_CONVERSION = YES;
				CLANG_WARN_OBJC_ROOT_CLASS = YES_ERROR;
				CLANG_WARN_QUOTED_INCLUDE_IN_FRAMEWORK_HEADER = YES;
				CLANG_WARN_RANGE_LOOP_ANALYSIS = YES;
				CLANG_WARN_STRICT_PROTOTYPES = YES;
				CLANG_WARN_SUSPICIOUS_MOVE = YES;
				CLANG_WARN_UNGUARDED_AVAILABILITY = YES_AGGRESSIVE;
				CLANG_WARN_UNREACHABLE_CODE = YES;
				CLANG_WARN__DUPLICATE_METHOD_MATCH = YES;
				COPY_PHASE_STRIP = NO;
				DEAD_CODE_STRIPPING = YES;
				DEBUG_INFORMATION_FORMAT = "dwarf-with-dsym";
				ENABLE_NS_ASSERTIONS = NO;
				ENABLE_STRICT_OBJC_MSGSEND = YES;
				GCC_C_LANGUAGE_STANDARD = gnu11;
				GCC_NO_COMMON_BLOCKS = YES;
				GCC_WARN_64_TO_32_BIT_CONVERSION = YES;
				GCC_WARN_ABOUT_RETURN_TYPE = YES_ERROR;
				GCC_WARN_UNDECLARED_SELECTOR = YES;
				GCC_WARN_UNINITIALIZED_AUTOS = YES_AGGRESSIVE;
				GCC_WARN_UNUSED_FUNCTION = YES;
				GCC_WARN_UNUSED_VARIABLE = YES;
				MTL_ENABLE_DEBUG_INFO = NO;
				MTL_FAST_MATH = YES;
				SWIFT_COMPILATION_MODE = wholemodule;
				SWIFT_OPTIMIZATION_LEVEL = "-O";
			};
			name = Release;
		};
		C0FFD6F1250C33C900945F01 /* Debug */ = {
			isa = XCBuildConfiguration;
			baseConfigurationReference = C03EC6BE270CF7F10004F9F8 /* Shared.xcconfig */;
			buildSettings = {
				ALWAYS_EMBED_SWIFT_STANDARD_LIBRARIES = YES;
				ASSETCATALOG_COMPILER_APPICON_NAME = AppIcon;
				ASSETCATALOG_COMPILER_GLOBAL_ACCENT_COLOR_NAME = AccentColor;
				CODE_SIGN_ENTITLEMENTS = iOS/iOS.entitlements;
				CURRENT_PROJECT_VERSION = 36;
				"ENABLE_HARDENED_RUNTIME[sdk=macosx*]" = YES;
				ENABLE_PREVIEWS = YES;
				INFOPLIST_FILE = iOS/Info.plist;
				INFOPLIST_KEY_CFBundleDisplayName = "Shuttle Tracker";
				INFOPLIST_KEY_LSApplicationCategoryType = "public.app-category.navigation";
				IPHONEOS_DEPLOYMENT_TARGET = 15.0;
				LD_RUNPATH_SEARCH_PATHS = (
					"$(inherited)",
					"@executable_path/Frameworks",
				);
				MARKETING_VERSION = 1.5.1;
				PRODUCT_NAME = "Shuttle Tracker";
				SDKROOT = iphoneos;
				SUPPORTS_MACCATALYST = NO;
				SUPPORTS_MAC_DESIGNED_FOR_IPHONE_IPAD = YES;
				SWIFT_VERSION = 5.0;
				TARGETED_DEVICE_FAMILY = "1,2";
			};
			name = Debug;
		};
		C0FFD6F2250C33C900945F01 /* Release */ = {
			isa = XCBuildConfiguration;
			buildSettings = {
				ALWAYS_EMBED_SWIFT_STANDARD_LIBRARIES = YES;
				ASSETCATALOG_COMPILER_APPICON_NAME = AppIcon;
				ASSETCATALOG_COMPILER_GLOBAL_ACCENT_COLOR_NAME = AccentColor;
				CODE_SIGN_ENTITLEMENTS = iOS/iOS.entitlements;
				CURRENT_PROJECT_VERSION = 36;
				DEVELOPMENT_TEAM = SYBLH277NF;
				"ENABLE_HARDENED_RUNTIME[sdk=macosx*]" = YES;
				ENABLE_PREVIEWS = YES;
				INFOPLIST_FILE = iOS/Info.plist;
				INFOPLIST_KEY_CFBundleDisplayName = "Shuttle Tracker";
				INFOPLIST_KEY_LSApplicationCategoryType = "public.app-category.navigation";
				IPHONEOS_DEPLOYMENT_TARGET = 15.0;
				LD_RUNPATH_SEARCH_PATHS = (
					"$(inherited)",
					"@executable_path/Frameworks",
				);
				MARKETING_VERSION = 1.5.1;
				PRODUCT_BUNDLE_IDENTIFIER = com.gerzer.shuttletracker;
				PRODUCT_NAME = "Shuttle Tracker";
				SDKROOT = iphoneos;
				SUPPORTS_MACCATALYST = NO;
				SUPPORTS_MAC_DESIGNED_FOR_IPHONE_IPAD = YES;
				SWIFT_VERSION = 5.0;
				TARGETED_DEVICE_FAMILY = "1,2";
				VALIDATE_PRODUCT = YES;
			};
			name = Release;
		};
		C0FFD6F4250C33C900945F01 /* Debug */ = {
			isa = XCBuildConfiguration;
			baseConfigurationReference = C03EC6BE270CF7F10004F9F8 /* Shared.xcconfig */;
			buildSettings = {
				ASSETCATALOG_COMPILER_APPICON_NAME = AppIcon;
				ASSETCATALOG_COMPILER_GLOBAL_ACCENT_COLOR_NAME = AccentColor;
				CODE_SIGN_ENTITLEMENTS = macOS/macOS.entitlements;
				COMBINE_HIDPI_IMAGES = YES;
				CURRENT_PROJECT_VERSION = 36;
				DEAD_CODE_STRIPPING = YES;
				ENABLE_HARDENED_RUNTIME = YES;
				ENABLE_PREVIEWS = YES;
				INFOPLIST_FILE = macOS/Info.plist;
				INFOPLIST_KEY_CFBundleDisplayName = "Shuttle Tracker";
				INFOPLIST_KEY_LSApplicationCategoryType = "public.app-category.navigation";
				LD_RUNPATH_SEARCH_PATHS = (
					"$(inherited)",
					"@executable_path/../Frameworks",
				);
				MACOSX_DEPLOYMENT_TARGET = 12.0;
				MARKETING_VERSION = 1.5.1;
				PRODUCT_NAME = "Shuttle Tracker";
				SDKROOT = macosx;
				SWIFT_VERSION = 5.0;
			};
			name = Debug;
		};
		C0FFD6F5250C33C900945F01 /* Release */ = {
			isa = XCBuildConfiguration;
			buildSettings = {
				ASSETCATALOG_COMPILER_APPICON_NAME = AppIcon;
				ASSETCATALOG_COMPILER_GLOBAL_ACCENT_COLOR_NAME = AccentColor;
				CODE_SIGN_ENTITLEMENTS = macOS/macOS.entitlements;
				CODE_SIGN_IDENTITY = "Apple Development";
				CODE_SIGN_STYLE = Automatic;
				COMBINE_HIDPI_IMAGES = YES;
				CURRENT_PROJECT_VERSION = 36;
				DEAD_CODE_STRIPPING = YES;
				DEVELOPMENT_TEAM = SYBLH277NF;
				ENABLE_HARDENED_RUNTIME = YES;
				ENABLE_PREVIEWS = YES;
				INFOPLIST_FILE = macOS/Info.plist;
				INFOPLIST_KEY_CFBundleDisplayName = "Shuttle Tracker";
				INFOPLIST_KEY_LSApplicationCategoryType = "public.app-category.navigation";
				LD_RUNPATH_SEARCH_PATHS = (
					"$(inherited)",
					"@executable_path/../Frameworks",
				);
				MACOSX_DEPLOYMENT_TARGET = 12.0;
				MARKETING_VERSION = 1.5.1;
				PRODUCT_BUNDLE_IDENTIFIER = com.gerzer.shuttletracker;
				PRODUCT_NAME = "Shuttle Tracker";
				PROVISIONING_PROFILE_SPECIFIER = "";
				SDKROOT = macosx;
				SWIFT_VERSION = 5.0;
			};
			name = Release;
		};
/* End XCBuildConfiguration section */

/* Begin XCConfigurationList section */
		C0A232A42525080600FAAD50 /* Build configuration list for PBXNativeTarget "App Clip" */ = {
			isa = XCConfigurationList;
			buildConfigurations = (
				C0A232A52525080600FAAD50 /* Debug */,
				C0A232A62525080600FAAD50 /* Release */,
			);
			defaultConfigurationIsVisible = 0;
			defaultConfigurationName = Release;
		};
		C0FFD6D3250C33C800945F01 /* Build configuration list for PBXProject "Shuttle Tracker" */ = {
			isa = XCConfigurationList;
			buildConfigurations = (
				C0FFD6EE250C33C900945F01 /* Debug */,
				C0FFD6EF250C33C900945F01 /* Release */,
			);
			defaultConfigurationIsVisible = 0;
			defaultConfigurationName = Release;
		};
		C0FFD6F0250C33C900945F01 /* Build configuration list for PBXNativeTarget "iOS" */ = {
			isa = XCConfigurationList;
			buildConfigurations = (
				C0FFD6F1250C33C900945F01 /* Debug */,
				C0FFD6F2250C33C900945F01 /* Release */,
			);
			defaultConfigurationIsVisible = 0;
			defaultConfigurationName = Release;
		};
		C0FFD6F3250C33C900945F01 /* Build configuration list for PBXNativeTarget "macOS" */ = {
			isa = XCConfigurationList;
			buildConfigurations = (
				C0FFD6F4250C33C900945F01 /* Debug */,
				C0FFD6F5250C33C900945F01 /* Release */,
			);
			defaultConfigurationIsVisible = 0;
			defaultConfigurationName = Release;
		};
/* End XCConfigurationList section */

/* Begin XCRemoteSwiftPackageReference section */
		C09EB4552934765F00CCE01B /* XCRemoteSwiftPackageReference "HTTP-Status" */ = {
			isa = XCRemoteSwiftPackageReference;
			repositoryURL = "https://github.com/Gerzer/HTTP-Status/";
			requirement = {
				kind = upToNextMinorVersion;
				minimumVersion = 1.0.0;
			};
		};
		C09EB45F293A70CF00CCE01B /* XCRemoteSwiftPackageReference "swift-collections" */ = {
			isa = XCRemoteSwiftPackageReference;
			repositoryURL = "https://github.com/apple/swift-collections.git";
			requirement = {
				kind = upToNextMajorVersion;
				minimumVersion = 1.0.0;
			};
		};
		C0ACA02227A4ABDD007FF08A /* XCRemoteSwiftPackageReference "Moya" */ = {
			isa = XCRemoteSwiftPackageReference;
			repositoryURL = "https://github.com/Moya/Moya";
			requirement = {
				kind = upToNextMajorVersion;
				minimumVersion = 15.0.0;
			};
		};
		C0ACA02927A4AC12007FF08A /* XCRemoteSwiftPackageReference "OnboardingKit" */ = {
			isa = XCRemoteSwiftPackageReference;
			repositoryURL = "https://github.com/Gerzer/OnboardingKit";
			requirement = {
				kind = upToNextMinorVersion;
				minimumVersion = 1.5.0;
			};
		};
/* End XCRemoteSwiftPackageReference section */

/* Begin XCSwiftPackageProductDependency section */
		C09EB4562934765F00CCE01B /* HTTPStatus */ = {
			isa = XCSwiftPackageProductDependency;
			package = C09EB4552934765F00CCE01B /* XCRemoteSwiftPackageReference "HTTP-Status" */;
			productName = HTTPStatus;
		};
		C09EB4582934766900CCE01B /* HTTPStatus */ = {
			isa = XCSwiftPackageProductDependency;
			package = C09EB4552934765F00CCE01B /* XCRemoteSwiftPackageReference "HTTP-Status" */;
			productName = HTTPStatus;
		};
		C09EB45A2934766F00CCE01B /* HTTPStatus */ = {
			isa = XCSwiftPackageProductDependency;
			package = C09EB4552934765F00CCE01B /* XCRemoteSwiftPackageReference "HTTP-Status" */;
			productName = HTTPStatus;
		};
		C09EB460293A70CF00CCE01B /* OrderedCollections */ = {
			isa = XCSwiftPackageProductDependency;
			package = C09EB45F293A70CF00CCE01B /* XCRemoteSwiftPackageReference "swift-collections" */;
			productName = OrderedCollections;
		};
		C09EB462293A70DE00CCE01B /* OrderedCollections */ = {
			isa = XCSwiftPackageProductDependency;
			package = C09EB45F293A70CF00CCE01B /* XCRemoteSwiftPackageReference "swift-collections" */;
			productName = OrderedCollections;
		};
		C09EB46A293A9A1F00CCE01B /* OrderedCollections */ = {
			isa = XCSwiftPackageProductDependency;
			package = C09EB45F293A70CF00CCE01B /* XCRemoteSwiftPackageReference "swift-collections" */;
			productName = OrderedCollections;
		};
		C0ACA02327A4ABDD007FF08A /* Moya */ = {
			isa = XCSwiftPackageProductDependency;
			package = C0ACA02227A4ABDD007FF08A /* XCRemoteSwiftPackageReference "Moya" */;
			productName = Moya;
		};
		C0ACA02527A4ABEF007FF08A /* Moya */ = {
			isa = XCSwiftPackageProductDependency;
			package = C0ACA02227A4ABDD007FF08A /* XCRemoteSwiftPackageReference "Moya" */;
			productName = Moya;
		};
		C0ACA02727A4ABF3007FF08A /* Moya */ = {
			isa = XCSwiftPackageProductDependency;
			package = C0ACA02227A4ABDD007FF08A /* XCRemoteSwiftPackageReference "Moya" */;
			productName = Moya;
		};
		C0ACA02A27A4AC12007FF08A /* OnboardingKit */ = {
			isa = XCSwiftPackageProductDependency;
			package = C0ACA02927A4AC12007FF08A /* XCRemoteSwiftPackageReference "OnboardingKit" */;
			productName = OnboardingKit;
		};
		C0ACA02C27A4AC18007FF08A /* OnboardingKit */ = {
			isa = XCSwiftPackageProductDependency;
			package = C0ACA02927A4AC12007FF08A /* XCRemoteSwiftPackageReference "OnboardingKit" */;
			productName = OnboardingKit;
		};
		C0ACA02E27A4AC1D007FF08A /* OnboardingKit */ = {
			isa = XCSwiftPackageProductDependency;
			package = C0ACA02927A4AC12007FF08A /* XCRemoteSwiftPackageReference "OnboardingKit" */;
			productName = OnboardingKit;
		};
/* End XCSwiftPackageProductDependency section */
	};
	rootObject = C0FFD6D0250C33C800945F01 /* Project object */;
}
